// !$*UTF8*$!
{
	archiveVersion = 1;
	classes = {
	};
	objectVersion = 77;
	objects = {

/* Begin PBXBuildFile section */
		777E3671E910DCC68EC80983 /* LabModels.swift in Sources */ = {isa = PBXBuildFile; fileRef = 958086BBEEB1C76916D435F9 /* LabModels.swift */; };
		94DDC0A3C2FE7474DE8E1359 /* LabDesign.swift in Sources */ = {isa = PBXBuildFile; fileRef = C209BDACA3D9ED22D288F8C6 /* LabDesign.swift */; };
		4B822311B9F05FD311BBA679 /* LabTracker.swift in Sources */ = {isa = PBXBuildFile; fileRef = E364F49796338B2D876663BF /* LabTracker.swift */; };
		0F4A58D8C33C5B88D3B12895 /* LabUnveil.swift in Sources */ = {isa = PBXBuildFile; fileRef = D06F096559C9E3D36757ACB7 /* LabUnveil.swift */; };
		AAB58AEA0974CF2B67EB8ACE /* LabPlayView.swift in Sources */ = {isa = PBXBuildFile; fileRef = 320096A3A5042DB0448CB598 /* LabPlayView.swift */; };
		D64345313C551A85E494BEBC /* WinnersLabView.swift in Sources */ = {isa = PBXBuildFile; fileRef = EB621D6FF82298D494AFDCEA /* WinnersLabView.swift */; };
		DA97C0DE0002DA97C0DE0002 /* DartsView.swift in Sources */ = {isa = PBXBuildFile; fileRef = DA97C0DE0001DA97C0DE0001 /* DartsView.swift */; };
		46823E83863D408782FFE648 /* ParlaySlip.swift in Sources */ = {isa = PBXBuildFile; fileRef = 163989F8843944B69F9F5FBB /* ParlaySlip.swift */; };
		98FE8C910781891376ED8500 /* DartsFeatured.swift in Sources */ = {isa = PBXBuildFile; fileRef = BC3F0A43A3A3A76BC8F3211D /* DartsFeatured.swift */; };
		038936658E7DA84EA86269CE /* DartboardMocks.swift in Sources */ = {isa = PBXBuildFile; fileRef = 07226A2E227DA0055352692E /* DartboardMocks.swift */; };
		6EA984E3B42FDF5E528798EE /* PrimetimeSheet.swift in Sources */ = {isa = PBXBuildFile; fileRef = 77D63CD497B8DF7E6588488E /* PrimetimeSheet.swift */; };
		92D0D2530367583361130FD8 /* FantasySheet.swift in Sources */ = {isa = PBXBuildFile; fileRef = 1C2E06843DC3FD3FFAD1DB8C /* FantasySheet.swift */; };
		7A33F421D2F84BE2919940DA /* DartsHitRates.swift in Sources */ = {isa = PBXBuildFile; fileRef = 3269F681C80F4DF0BA33C18A /* DartsHitRates.swift */; };
		D8FA4244359AA8A40C65A84F /* DartsParts.swift in Sources */ = {isa = PBXBuildFile; fileRef = 6838969A3FC0FD8783F73910 /* DartsParts.swift */; };
		DB0A4D5E0A1B4C2D8E3F4A5B /* DartsBoard.swift in Sources */ = {isa = PBXBuildFile; fileRef = DB0A4D5E0A1B4C2D8E3F4A5C /* DartsBoard.swift */; };
		86C23DCEC81C4B5E9C777631 /* GaryYardstick.swift in Sources */ = {isa = PBXBuildFile; fileRef = D49858CD8A49410F93CA38BD /* GaryYardstick.swift */; };
		00E8441238CE0350F71EDF8A /* HomeReceiptMath.swift in Sources */ = {isa = PBXBuildFile; fileRef = 4CABE592D78A335CE7F297F5 /* HomeReceiptMath.swift */; };
		01C54BDD1C40A6E59A02ABEB /* BookShareSheet.swift in Sources */ = {isa = PBXBuildFile; fileRef = 392BB3CB4536197CF29E1FBB /* BookShareSheet.swift */; };
		050FAB3C2FBD1312014A6102 /* GoogleSignIn in Frameworks */ = {isa = PBXBuildFile; productRef = 921968E9FC0E6DE90F6EAD89 /* GoogleSignIn */; };
		05B3652F97B5FB0539B3B4B3 /* UsefulSessionMeasurement.swift in Sources */ = {isa = PBXBuildFile; fileRef = 4B0CF692A95CB5E283556465 /* UsefulSessionMeasurement.swift */; };
		083546DE6193C31338749DC8 /* PickDecoding.swift in Sources */ = {isa = PBXBuildFile; fileRef = A2E4A4D7F2E32A0376A1AB20 /* PickDecoding.swift */; };
		08666A948DC19463C5D7F327 /* HomeBoardLeague.swift in Sources */ = {isa = PBXBuildFile; fileRef = A0E9F401815CD6F777614CFF /* HomeBoardLeague.swift */; };
		0984340298B6C347AF6F4588 /* BebasNeue-Regular.ttf in Resources */ = {isa = PBXBuildFile; fileRef = C20455738476664B4F69306C /* BebasNeue-Regular.ttf */; };
		09AF15B85A81D6E298B2FEB2 /* PropRows.swift in Sources */ = {isa = PBXBuildFile; fileRef = F59A0CFAB815733E3A45AC42 /* PropRows.swift */; };
		0A58E6EBA3993F57F462F0BD /* HubShared.swift in Sources */ = {isa = PBXBuildFile; fileRef = 6D9EACB65E985E02C49B0BB2 /* HubShared.swift */; };
		0B397BC2A4AF390C22016E57 /* MLBGameIntelView.swift in Sources */ = {isa = PBXBuildFile; fileRef = C0DAD9374914257AC6D8B7EC /* MLBGameIntelView.swift */; };
		0BE6FB14629F5618AA09EDD3 /* HomeAdditions.swift in Sources */ = {isa = PBXBuildFile; fileRef = 8C13DC9C410DA7F379D05F31 /* HomeAdditions.swift */; };
		0CB57656B74BDEAF1F3E70A5 /* GamePickSources.swift in Sources */ = {isa = PBXBuildFile; fileRef = DAE92047709CBFC7EF21709F /* GamePickSources.swift */; };
		0D3593A1A2CB73655586485A /* Assets.xcassets in Resources */ = {isa = PBXBuildFile; fileRef = 14B79AC926AD34DD865A8E0D /* Assets.xcassets */; };
		0D809CA674D78F140C6117B8 /* ChangelogView.swift in Sources */ = {isa = PBXBuildFile; fileRef = B24536929674F3304E9497C4 /* ChangelogView.swift */; };
		0E2DFD72AAC6F9DA0E624548 /* UserBookView.swift in Sources */ = {isa = PBXBuildFile; fileRef = 0110A48840365DDC8DBFCABF /* UserBookView.swift */; };
		0E33AED33F1DC6C5A06920F4 /* BookDirectoryPolicy.swift in Sources */ = {isa = PBXBuildFile; fileRef = EA4AF4EDA7782EBC4759F1EC /* BookDirectoryPolicy.swift */; };
		0EB2F8BCD130889212D87639 /* AuthView.swift in Sources */ = {isa = PBXBuildFile; fileRef = 1DCCF76D59A117BC61451DE6 /* AuthView.swift */; };
		11082D2682BC0FFD484F133E /* AccessView.swift in Sources */ = {isa = PBXBuildFile; fileRef = 04419532DA2B9AE61A7A7B47 /* AccessView.swift */; };
		115572DD1FE450DE26665445 /* HomeSheetRow.swift in Sources */ = {isa = PBXBuildFile; fileRef = 122335EF5B948F60065E2A59 /* HomeSheetRow.swift */; };
		1BF6674DE9267C5E3F2086DF /* PicksTodayPage.swift in Sources */ = {isa = PBXBuildFile; fileRef = F5D5B97A6EC1D58EF9FEA661 /* PicksTodayPage.swift */; };
		1CE831B1B532239BAFA1DB36 /* DailyRecapOverlay.swift in Sources */ = {isa = PBXBuildFile; fileRef = 44E924B51A0530631BCA01C4 /* DailyRecapOverlay.swift */; };
		1D6F6CCF87C3ADD493EA4537 /* HomeView.swift in Sources */ = {isa = PBXBuildFile; fileRef = 446D27F9F1839CF7F49D043D /* HomeView.swift */; };
		1D701AADC8728865280C61AA /* SportsbookOdds.swift in Sources */ = {isa = PBXBuildFile; fileRef = FD0996AC1691015D22592C35 /* SportsbookOdds.swift */; };
		1E3D4B17D62A8B81476A66F6 /* HomeContentPlaceholder.swift in Sources */ = {isa = PBXBuildFile; fileRef = DAA786E7F169BD7F540E99AD /* HomeContentPlaceholder.swift */; };
		29F19C9A030AF9BD1C808767 /* HomeCashesSection.swift in Sources */ = {isa = PBXBuildFile; fileRef = F38BDFBC49F7D72DB16D296E /* HomeCashesSection.swift */; };
		2AC44BD89F056DF4FCA691AD /* AuthManager.swift in Sources */ = {isa = PBXBuildFile; fileRef = 008FA1BAD0680B6769DD9D2A /* AuthManager.swift */; };
		2D76783BDADD60D6063C6A9F /* PickDetailSections.swift in Sources */ = {isa = PBXBuildFile; fileRef = E7D6B8E9F0CF02424E1A174D /* PickDetailSections.swift */; };
		2D90353A50D6483C7BF39FEE /* RecapModels.swift in Sources */ = {isa = PBXBuildFile; fileRef = 8FA6146EA3F3057A96C206F3 /* RecapModels.swift */; };
		3292358B12933B1F8DD2A4D2 /* HomePersonalScorecard.swift in Sources */ = {isa = PBXBuildFile; fileRef = F5672EBF8B49EE6497F87B8A /* HomePersonalScorecard.swift */; };
		3483908F595CB859CC5DEB56 /* SportFilter.swift in Sources */ = {isa = PBXBuildFile; fileRef = 1916C37437F13D260F8D02B0 /* SportFilter.swift */; };
		3652E13EEDC65C902CA10D14 /* WinnersAccess.swift in Sources */ = {isa = PBXBuildFile; fileRef = 3742D54B471C0681B3F8EDA5 /* WinnersAccess.swift */; };
		37AE3070929F021A277C431F /* TeamMatching.swift in Sources */ = {isa = PBXBuildFile; fileRef = 45603B1C6142793563D0DE69 /* TeamMatching.swift */; };
		393271714C6E80990F74F4C5 /* HomeScrollBehavior.swift in Sources */ = {isa = PBXBuildFile; fileRef = 041F90F1AEF28232C0BB3A25 /* HomeScrollBehavior.swift */; };
		3970CDAC01ED5D05D6448664 /* HomeLiveVerdict.swift in Sources */ = {isa = PBXBuildFile; fileRef = 5045571CBD1DF805A3FA922E /* HomeLiveVerdict.swift */; };
		3BAE34BDDACCC5E23CF91457 /* BookShareCard.swift in Sources */ = {isa = PBXBuildFile; fileRef = 96B01B3CAAB174D5B4BE679C /* BookShareCard.swift */; };
		3F9C4BD82DBBCE1A684F1954 /* HomeCountdownText.swift in Sources */ = {isa = PBXBuildFile; fileRef = EA8F46B0EAB485ABFE718537 /* HomeCountdownText.swift */; };
		40771064325B4E728A735AEA /* GaryApp.swift in Sources */ = {isa = PBXBuildFile; fileRef = 49489C7FC0ABE55881B19E13 /* GaryApp.swift */; };
		41F71E6A8247728856FC0AFF /* GaryMockFixture.swift in Sources */ = {isa = PBXBuildFile; fileRef = 172FE445447C6E75D3B9760E /* GaryMockFixture.swift */; };
		4464A71ED74D1CA884445ED1 /* LiveScoreModels.swift in Sources */ = {isa = PBXBuildFile; fileRef = 5A1E3BA81061890E2E5FCA6E /* LiveScoreModels.swift */; };
		44FB25CBEB7324D5CDF9CAB7 /* FirebaseMessaging in Frameworks */ = {isa = PBXBuildFile; productRef = 19246C9DB6761505C046FD73 /* FirebaseMessaging */; };
		47846AC2738F061D755EAB0B /* HubModules.swift in Sources */ = {isa = PBXBuildFile; fileRef = 2875C60CF8C3183323E1B318 /* HubModules.swift */; };
		4CC7EB3ED44C36B41B991103 /* BookUnitSizeSheet.swift in Sources */ = {isa = PBXBuildFile; fileRef = 75D0D53F888AA7207B8B1AF3 /* BookUnitSizeSheet.swift */; };
		4D1B4BA1A87013A0C973401A /* ScoutWireCache.swift in Sources */ = {isa = PBXBuildFile; fileRef = 2DF5F1787B954FCEF1EA9DC7 /* ScoutWireCache.swift */; };
		54D4763CD95051478E335E90 /* PicksShowcaseLock.swift in Sources */ = {isa = PBXBuildFile; fileRef = 8F46895032E90FEEDBA6FDD9 /* PicksShowcaseLock.swift */; };
		57D6884D37D385119D2CB95F /* HomeHeadlineCards.swift in Sources */ = {isa = PBXBuildFile; fileRef = 2E27B641D8479736D750606B /* HomeHeadlineCards.swift */; };
		B57643FF0F1C4AAAB1BC62F6 /* HomeLiveGameSheet.swift in Sources */ = {isa = PBXBuildFile; fileRef = C2ADE0727DC6432E8BD7204A /* HomeLiveGameSheet.swift */; };
		58EF4AB98F2B590CFA0119F4 /* BookQuickLogSheet.swift in Sources */ = {isa = PBXBuildFile; fileRef = A3B653B8942A10915030EA69 /* BookQuickLogSheet.swift */; };
		5A432D05492831EB727B31A7 /* Models.swift in Sources */ = {isa = PBXBuildFile; fileRef = ECE32BA2E5208CC9E994A26A /* Models.swift */; };
		5A64E9D1729A0AECB2AA4E00 /* BookPropTailFadeRow.swift in Sources */ = {isa = PBXBuildFile; fileRef = 0562C26E942E26FB17ED3063 /* BookPropTailFadeRow.swift */; };
		5DFBF72A707CF57B3473AF15 /* HubCardIdentity.swift in Sources */ = {isa = PBXBuildFile; fileRef = 48FC1C834D48030C585F43D7 /* HubCardIdentity.swift */; };
		5EDA0A1CBF608AE80BCACE1A /* LaunchScreen.storyboard in Resources */ = {isa = PBXBuildFile; fileRef = 63E6266BD7E057CC8CEABFD3 /* LaunchScreen.storyboard */; };
		5F37D1EEF37E3919987B339C /* GaryMock.swift in Sources */ = {isa = PBXBuildFile; fileRef = 83642BDA9620C73C8BBDB39A /* GaryMock.swift */; };
		5F7A100F47E8BCC8339C2A75 /* PickInfoSheet.swift in Sources */ = {isa = PBXBuildFile; fileRef = 7350DDC8DF76DFF4835A6B82 /* PickInfoSheet.swift */; };
		603903F93E7499C7BE722DEC /* HomeBoardRecord.swift in Sources */ = {isa = PBXBuildFile; fileRef = 183C2E8027724674891F33F8 /* HomeBoardRecord.swift */; };
		62468D2AB3E9074E58DAC9C4 /* BookModels.swift in Sources */ = {isa = PBXBuildFile; fileRef = E995C877626201F5BFD5388E /* BookModels.swift */; };
		66A58BD776985470ED7F5842 /* HomeMarqueeTracker.swift in Sources */ = {isa = PBXBuildFile; fileRef = E05BCFF06A3460CF2AABAD1C /* HomeMarqueeTracker.swift */; };
		6827C75C39B11B3A87718BE7 /* ViewsShared.swift in Sources */ = {isa = PBXBuildFile; fileRef = 03C6DA44F8FF4FA6F58CA3A3 /* ViewsShared.swift */; };
		6B69B887AB3562C1C4524328 /* HomeSectionRule.swift in Sources */ = {isa = PBXBuildFile; fileRef = C5F55AD720CF6AB310A65DD6 /* HomeSectionRule.swift */; };
		6C01C3BD7C28E01487BBA292 /* PushRegistrationProductionAdapter.swift in Sources */ = {isa = PBXBuildFile; fileRef = 44F0B22D9277AFBAA6B31D70 /* PushRegistrationProductionAdapter.swift */; };
		6E46F0266C1DDA63BB06134B /* CommunityLeaderboardView.swift in Sources */ = {isa = PBXBuildFile; fileRef = 1CC624844F361B5081E37E10 /* CommunityLeaderboardView.swift */; };
		70695B586002EEA19E7AFE08 /* PickCards.swift in Sources */ = {isa = PBXBuildFile; fileRef = 934EDFD7A73F35CA6450E067 /* PickCards.swift */; };
		712A580815AA9279A2893A6E /* LineLadder.swift in Sources */ = {isa = PBXBuildFile; fileRef = 504ACB983B181DAF519A6012 /* LineLadder.swift */; };
		71C1BBA0D0BFFF070BBE70FE /* Lottie in Frameworks */ = {isa = PBXBuildFile; productRef = C4B05FFDB3FA92CCFC7CF3AC /* Lottie */; };
		75B7CB8883C3A531B39570F9 /* HomeDecorations.swift in Sources */ = {isa = PBXBuildFile; fileRef = EE350E03442B0063678FC5B3 /* HomeDecorations.swift */; };
		779B2C7F70EF81D4073B7794 /* HomeAllStarTakeover.swift in Sources */ = {isa = PBXBuildFile; fileRef = D19016671EB6FE8BA2D21AA5 /* HomeAllStarTakeover.swift */; };
		797A5F3127AD646C9BB0B7AA /* BillfoldView.swift in Sources */ = {isa = PBXBuildFile; fileRef = B50732881D4F6621F2E239E8 /* BillfoldView.swift */; };
		79B9B334ADEB3F31B0C774C6 /* PlansSheet.swift in Sources */ = {isa = PBXBuildFile; fileRef = 63FDC51FC7CDB25D98D00D25 /* PlansSheet.swift */; };
		7B75128F904726028410C6A3 /* UserBetDetailSheet.swift in Sources */ = {isa = PBXBuildFile; fileRef = 86A1D2B9F6942E7A9AAABB73 /* UserBetDetailSheet.swift */; };
		7CC02BA6A71C032E103D6B87 /* DailySlateModels.swift in Sources */ = {isa = PBXBuildFile; fileRef = 18936D0E89DFD6BFC4BBAC77 /* DailySlateModels.swift */; };
		846F812EE765FC373DFB1277 /* PickPresentation.swift in Sources */ = {isa = PBXBuildFile; fileRef = DCC5E17A7F65A413F259B852 /* PickPresentation.swift */; };
		848433E84732600F7F27F78B /* KeychainStorage.swift in Sources */ = {isa = PBXBuildFile; fileRef = C98E3F91D643EAE8E4199E0A /* KeychainStorage.swift */; };
		84D36DCC0771C34F5BCB2C27 /* GaryPushNavigation.swift in Sources */ = {isa = PBXBuildFile; fileRef = CB45E26DD134BFC068B8302E /* GaryPushNavigation.swift */; };
		8756B1AB98B93F625E0ABDEB /* HomeWinnersStub.swift in Sources */ = {isa = PBXBuildFile; fileRef = 3FB63615611FE3F1E7236EB3 /* HomeWinnersStub.swift */; };
		8AE2DE3DD97868C6E3C99751 /* ResultModels.swift in Sources */ = {isa = PBXBuildFile; fileRef = 4A1432E1B64516B6A8038B3F /* ResultModels.swift */; };
		8B47B0D0D084C52747EA7346 /* Secrets.swift in Sources */ = {isa = PBXBuildFile; fileRef = F0616A3C8A2F0268B8A05C4D /* Secrets.swift */; };
		8D5767617569EF3EA45DC781 /* HomeSheetPanel.swift in Sources */ = {isa = PBXBuildFile; fileRef = A836D05EE2951750872171D4 /* HomeSheetPanel.swift */; };
		938E3FFBE59972BA9FD4D008 /* PrivacyInfo.xcprivacy in Resources */ = {isa = PBXBuildFile; fileRef = FBB94BA05B70C7412D0F1576 /* PrivacyInfo.xcprivacy */; };
		C9D20866E8F16B3704D1D729 /* Caveat-SemiBold.ttf in Resources */ = {isa = PBXBuildFile; fileRef = 361AC934E889F1A4E76271A1 /* Caveat-SemiBold.ttf */; };
		975A2414CA2CDA99B994CD68 /* BookAnalyticsViews.swift in Sources */ = {isa = PBXBuildFile; fileRef = 73F3557965FA818108DAF7FD /* BookAnalyticsViews.swift */; };
		989A25F815F1F1ED8BFE1866 /* TomorrowModels.swift in Sources */ = {isa = PBXBuildFile; fileRef = 4F62E8DD5CE44661D27A5143 /* TomorrowModels.swift */; };
		997E07EB4DB05CD9DD443484 /* HubPresentation.swift in Sources */ = {isa = PBXBuildFile; fileRef = BB725EF39FDFF327B15AFAA0 /* HubPresentation.swift */; };
		9AF41E4D662909728E419C96 /* TodayBoardCache.swift in Sources */ = {isa = PBXBuildFile; fileRef = 78AFE5890CE9D64D4867250F /* TodayBoardCache.swift */; };
		9EFC61151B60D08A2ADBCB6B /* ObservationModels.swift in Sources */ = {isa = PBXBuildFile; fileRef = AA4D875CE5CA2E4CC205EC2C /* ObservationModels.swift */; };
		9F2CE5FFECBC920827D175D6 /* HomePresentation.swift in Sources */ = {isa = PBXBuildFile; fileRef = 81F170A0C019724DCB8A8803 /* HomePresentation.swift */; };
		A16940DC40019CB21422D0BF /* NCAAFTeams.swift in Sources */ = {isa = PBXBuildFile; fileRef = 0401A3AF4481A17889BD3F01 /* NCAAFTeams.swift */; };
		A21D932099DD11407BA33104 /* BookSlipRow.swift in Sources */ = {isa = PBXBuildFile; fileRef = 59FA2D24B5C6043DB0686E56 /* BookSlipRow.swift */; };
		A274C466873082EE9A29D43A /* PickCardFronts.swift in Sources */ = {isa = PBXBuildFile; fileRef = 46B81C16BB434A89FCAEAE3D /* PickCardFronts.swift */; };
		A2EA3FF163AC312324976AFF /* StatusBarScrim.swift in Sources */ = {isa = PBXBuildFile; fileRef = 5B819AF3A5887E60E5F1F8ED /* StatusBarScrim.swift */; };
		A7DCB8D1A232D3387D774D6D /* UserBookAPI.swift in Sources */ = {isa = PBXBuildFile; fileRef = 364ABE0C0FC685301E07D201 /* UserBookAPI.swift */; };
		AA86CA7D4AA2E76348C9B9D8 /* PicksHistory.swift in Sources */ = {isa = PBXBuildFile; fileRef = EE21B465B1DA58917F7085B6 /* PicksHistory.swift */; };
		AB4D0C5690434CFE06814E1B /* PushRegistrationCoordinator.swift in Sources */ = {isa = PBXBuildFile; fileRef = BB4691B720D3CD5506000450 /* PushRegistrationCoordinator.swift */; };
		ACE0CEFB5003BD02E7EDE896 /* BookAnalytics.swift in Sources */ = {isa = PBXBuildFile; fileRef = 53BFA24CE461428376132C92 /* BookAnalytics.swift */; };
		AD3E15D4183BDE53A356528B /* HubSlateStrip.swift in Sources */ = {isa = PBXBuildFile; fileRef = 7E22CCAF05236938E1792F26 /* HubSlateStrip.swift */; };
		AD40BD1C591C0853AB20200A /* GaryTour.swift in Sources */ = {isa = PBXBuildFile; fileRef = 8AF21EE7054E8EF36A963E61 /* GaryTour.swift */; };
		AD435BBBE21CBB989632FEA4 /* PrivacyPreferences.swift in Sources */ = {isa = PBXBuildFile; fileRef = BBB0A067E1C7B16834B3CC7E /* PrivacyPreferences.swift */; };
		B5D2FF62D8A0E7A5044C1FBA /* UserProfileView.swift in Sources */ = {isa = PBXBuildFile; fileRef = 4600AE509482DFB52B7476DA /* UserProfileView.swift */; };
		B7C2E94886B33D9594C9315C /* PicksGameLifecycle.swift in Sources */ = {isa = PBXBuildFile; fileRef = 1D4534F374F17BDCBABEFA68 /* PicksGameLifecycle.swift */; };
		B832057A2494FE699C8DFCEC /* PicksTab.swift in Sources */ = {isa = PBXBuildFile; fileRef = C357954C43910E9D218D8A48 /* PicksTab.swift */; };
		BAEDEB27B6304C7B05ECCDD3 /* PlayerInsightModels.swift in Sources */ = {isa = PBXBuildFile; fileRef = 0F609E9B5B223DD5797AC18B /* PlayerInsightModels.swift */; };
		BCAA0F09DF8AB6F1C1E40276 /* HomeScoreCell.swift in Sources */ = {isa = PBXBuildFile; fileRef = CCD93E5D1EF66CAE83E9C2A7 /* HomeScoreCell.swift */; };
		C368B18855697B8624F24D06 /* ReadingMeasurementView.swift in Sources */ = {isa = PBXBuildFile; fileRef = 9302DF881A9FBFF8C69819D7 /* ReadingMeasurementView.swift */; };
		C3AA68D864B07B91581DA522 /* GamePickModels.swift in Sources */ = {isa = PBXBuildFile; fileRef = 630D04BBA1596DEE49C95B1E /* GamePickModels.swift */; };
		C436839CACCB30E27770C425 /* MLBBallparks.swift in Sources */ = {isa = PBXBuildFile; fileRef = A42B2DF8115CF072B0BA9C0E /* MLBBallparks.swift */; };
		C570C3DCCA048DB6903094EC /* HomeSheetRowView.swift in Sources */ = {isa = PBXBuildFile; fileRef = A4536063BFE66307137544F6 /* HomeSheetRowView.swift */; };
		C920D1248BE2F9B6BB1AA083 /* HubJudgment.swift in Sources */ = {isa = PBXBuildFile; fileRef = 1D8646793345451E9ACFBEC6 /* HubJudgment.swift */; };
		CA682CB250F6A7F4462A70B2 /* ContentView.swift in Sources */ = {isa = PBXBuildFile; fileRef = C76D962853397848F9631A85 /* ContentView.swift */; };
		D190F420CE5C5C104F43BDCE /* PicksSettledProps.swift in Sources */ = {isa = PBXBuildFile; fileRef = E0E8413DA9E5113A3B0CC324 /* PicksSettledProps.swift */; };
		D3291A691522CE66D0CCAB1A /* BookGameTailFadeRow.swift in Sources */ = {isa = PBXBuildFile; fileRef = 5830A98A129D8BA9D68108C1 /* BookGameTailFadeRow.swift */; };
		D3DA0042104C7B11DCA5389F /* TeasedPickCard.swift in Sources */ = {isa = PBXBuildFile; fileRef = B7711FD67AB1A58DAEA338CB /* TeasedPickCard.swift */; };
		D5840B504A8BB5973E7A7B04 /* TomorrowView.swift in Sources */ = {isa = PBXBuildFile; fileRef = F21E09A91374804B898D5D56 /* TomorrowView.swift */; };
		D5D7404248E8F0373D6A9E44 /* GamePickGrading.swift in Sources */ = {isa = PBXBuildFile; fileRef = EA272C7F9D58EAE4A10482AE /* GamePickGrading.swift */; };
		D764D8A224961AFBFCE023FE /* StatModels.swift in Sources */ = {isa = PBXBuildFile; fileRef = EACA3C62DE0B4E0E01444549 /* StatModels.swift */; };
		D810CCA6C81972A7A21BD77F /* SupabaseAPI.swift in Sources */ = {isa = PBXBuildFile; fileRef = 58C162EF98D65308171329E2 /* SupabaseAPI.swift */; };
		DA5828CE40A952046635B0C7 /* GaryPushRouter.swift in Sources */ = {isa = PBXBuildFile; fileRef = 3665B0EB5977D26BA6A94EBB /* GaryPushRouter.swift */; };
		DB25BB5C9570DD1B389E88A0 /* AppFlags.swift in Sources */ = {isa = PBXBuildFile; fileRef = 1A18FEEB91BDCB14E4CF1398 /* AppFlags.swift */; };
		DFE5DACD49CBA0D964B92ACB /* LeagueWordsOverlay.swift in Sources */ = {isa = PBXBuildFile; fileRef = A55811437713F16BBCEAECCC /* LeagueWordsOverlay.swift */; };
		E12166C6ECF0CCA16674C33E /* ShareCards.swift in Sources */ = {isa = PBXBuildFile; fileRef = 91ACC79468289F61880FDA10 /* ShareCards.swift */; };
		E1B91C88959C99CE094C5CE3 /* GameScorePresentation.swift in Sources */ = {isa = PBXBuildFile; fileRef = 3188203BA4946FD5A43F4F4F /* GameScorePresentation.swift */; };
		E1E4F32BF3B0856471323B74 /* ProfileExperience.swift in Sources */ = {isa = PBXBuildFile; fileRef = 37E74B1FCC3E8BE60A3CCF53 /* ProfileExperience.swift */; };
		E4338BB58B08F812A93F44BA /* SharedStores.swift in Sources */ = {isa = PBXBuildFile; fileRef = 17A45A7002930FF2C66AF548 /* SharedStores.swift */; };
		E57C0F0F2C53FAA9FBD02E53 /* LeaguePriority.swift in Sources */ = {isa = PBXBuildFile; fileRef = 2286D56D5815B84310F24FD7 /* LeaguePriority.swift */; };
		E6905D0BB1424B9D57295179 /* DesignSystem.swift in Sources */ = {isa = PBXBuildFile; fileRef = CB7CFB0C652C052F27B7B06E /* DesignSystem.swift */; };
		E70769CECB0BFE0333B45A17 /* HomeContestOverlays.swift in Sources */ = {isa = PBXBuildFile; fileRef = 2CD4362A367AC58C2EACB4B9 /* HomeContestOverlays.swift */; };
		E7E53D36AA58E9AC0966A307 /* PropPickModels.swift in Sources */ = {isa = PBXBuildFile; fileRef = 2E74049E1152F0461777C659 /* PropPickModels.swift */; };
		E9E8EFDCFA4845FD5C0DEDE1 /* HomeScorecard.swift in Sources */ = {isa = PBXBuildFile; fileRef = 3A2CA0A2194EA10FB9389DF6 /* HomeScorecard.swift */; };
		EB766D927BDED514AF361A6C /* FootballProofContract.swift in Sources */ = {isa = PBXBuildFile; fileRef = D6289FFF9B0F020023DC2654 /* FootballProofContract.swift */; };
		EB862D1F777BDFF490F421A4 /* HomeMarqueeHero.swift in Sources */ = {isa = PBXBuildFile; fileRef = 6F2107D9710A39A5B377E6F9 /* HomeMarqueeHero.swift */; };
		EE88546A26898481909F9F26 /* ProviderIdentity.swift in Sources */ = {isa = PBXBuildFile; fileRef = F380EE2B8EFD361598E27312 /* ProviderIdentity.swift */; };
		F0689A33CFFE7E3186C251B7 /* EdgesSection.swift in Sources */ = {isa = PBXBuildFile; fileRef = 09EC6CE2F5E0C84BF6E5D1C9 /* EdgesSection.swift */; };
		F2A5809FF32535CE29C4E79A /* SettingsView.swift in Sources */ = {isa = PBXBuildFile; fileRef = 26AE11992E449EB95857D6E3 /* SettingsView.swift */; };
		FAE577A219F049637480970D /* GoogleService-Info.plist in Resources */ = {isa = PBXBuildFile; fileRef = 423887686C6839DEC44C0DEA /* GoogleService-Info.plist */; };
		FB384F8D2C8A2324386B3A9C /* FootballGameIntelView.swift in Sources */ = {isa = PBXBuildFile; fileRef = EB2C36EEB1B0C459E11AD85A /* FootballGameIntelView.swift */; };
		FB9A4B1042D3B996AF4795CD /* HubTeamCardSheet.swift in Sources */ = {isa = PBXBuildFile; fileRef = 1B2B1E9D80F4702812C1456E /* HubTeamCardSheet.swift */; };
		FD864B177D43F4CAD5120F3B /* ScoutTrio.swift in Sources */ = {isa = PBXBuildFile; fileRef = A5910CBBEB0EFC49969DC2A0 /* ScoutTrio.swift */; };
		FDF77A3912F62A37D0C7AD07 /* InsightModels.swift in Sources */ = {isa = PBXBuildFile; fileRef = AAA263EB15CF6EB124BE8444 /* InsightModels.swift */; };
		FEEBAC26EABD53E44CD38DBB /* PropCards.swift in Sources */ = {isa = PBXBuildFile; fileRef = CE82A102A46375D6956CA261 /* PropCards.swift */; };
/* End PBXBuildFile section */

/* Begin PBXFileReference section */
		958086BBEEB1C76916D435F9 /* LabModels.swift */ = {isa = PBXFileReference; lastKnownFileType = sourcecode.swift; path = LabModels.swift; sourceTree = "<group>"; };
		C209BDACA3D9ED22D288F8C6 /* LabDesign.swift */ = {isa = PBXFileReference; lastKnownFileType = sourcecode.swift; path = LabDesign.swift; sourceTree = "<group>"; };
		E364F49796338B2D876663BF /* LabTracker.swift */ = {isa = PBXFileReference; lastKnownFileType = sourcecode.swift; path = LabTracker.swift; sourceTree = "<group>"; };
		D06F096559C9E3D36757ACB7 /* LabUnveil.swift */ = {isa = PBXFileReference; lastKnownFileType = sourcecode.swift; path = LabUnveil.swift; sourceTree = "<group>"; };
		320096A3A5042DB0448CB598 /* LabPlayView.swift */ = {isa = PBXFileReference; lastKnownFileType = sourcecode.swift; path = LabPlayView.swift; sourceTree = "<group>"; };
		EB621D6FF82298D494AFDCEA /* WinnersLabView.swift */ = {isa = PBXFileReference; lastKnownFileType = sourcecode.swift; path = WinnersLabView.swift; sourceTree = "<group>"; };
		DA97C0DE0001DA97C0DE0001 /* DartsView.swift */ = {isa = PBXFileReference; lastKnownFileType = sourcecode.swift; path = DartsView.swift; sourceTree = "<group>"; };
		163989F8843944B69F9F5FBB /* ParlaySlip.swift */ = {isa = PBXFileReference; lastKnownFileType = sourcecode.swift; path = ParlaySlip.swift; sourceTree = "<group>"; };
		BC3F0A43A3A3A76BC8F3211D /* DartsFeatured.swift */ = {isa = PBXFileReference; lastKnownFileType = sourcecode.swift; path = DartsFeatured.swift; sourceTree = "<group>"; };
		07226A2E227DA0055352692E /* DartboardMocks.swift */ = {isa = PBXFileReference; lastKnownFileType = sourcecode.swift; path = DartboardMocks.swift; sourceTree = "<group>"; };
		77D63CD497B8DF7E6588488E /* PrimetimeSheet.swift */ = {isa = PBXFileReference; lastKnownFileType = sourcecode.swift; path = PrimetimeSheet.swift; sourceTree = "<group>"; };
		1C2E06843DC3FD3FFAD1DB8C /* FantasySheet.swift */ = {isa = PBXFileReference; lastKnownFileType = sourcecode.swift; path = FantasySheet.swift; sourceTree = "<group>"; };
		3269F681C80F4DF0BA33C18A /* DartsHitRates.swift */ = {isa = PBXFileReference; lastKnownFileType = sourcecode.swift; path = DartsHitRates.swift; sourceTree = "<group>"; };
		6838969A3FC0FD8783F73910 /* DartsParts.swift */ = {isa = PBXFileReference; lastKnownFileType = sourcecode.swift; path = DartsParts.swift; sourceTree = "<group>"; };
		DB0A4D5E0A1B4C2D8E3F4A5C /* DartsBoard.swift */ = {isa = PBXFileReference; lastKnownFileType = sourcecode.swift; path = DartsBoard.swift; sourceTree = "<group>"; };
		D49858CD8A49410F93CA38BD /* GaryYardstick.swift */ = {isa = PBXFileReference; lastKnownFileType = sourcecode.swift; path = GaryYardstick.swift; sourceTree = "<group>"; };
		008FA1BAD0680B6769DD9D2A /* AuthManager.swift */ = {isa = PBXFileReference; lastKnownFileType = sourcecode.swift; path = AuthManager.swift; sourceTree = "<group>"; };
		0110A48840365DDC8DBFCABF /* UserBookView.swift */ = {isa = PBXFileReference; lastKnownFileType = sourcecode.swift; path = UserBookView.swift; sourceTree = "<group>"; };
		03C6DA44F8FF4FA6F58CA3A3 /* ViewsShared.swift */ = {isa = PBXFileReference; lastKnownFileType = sourcecode.swift; path = ViewsShared.swift; sourceTree = "<group>"; };
		0401A3AF4481A17889BD3F01 /* NCAAFTeams.swift */ = {isa = PBXFileReference; lastKnownFileType = sourcecode.swift; path = NCAAFTeams.swift; sourceTree = "<group>"; };
		041F90F1AEF28232C0BB3A25 /* HomeScrollBehavior.swift */ = {isa = PBXFileReference; lastKnownFileType = sourcecode.swift; path = HomeScrollBehavior.swift; sourceTree = "<group>"; };
		04419532DA2B9AE61A7A7B47 /* AccessView.swift */ = {isa = PBXFileReference; lastKnownFileType = sourcecode.swift; path = AccessView.swift; sourceTree = "<group>"; };
		0562C26E942E26FB17ED3063 /* BookPropTailFadeRow.swift */ = {isa = PBXFileReference; lastKnownFileType = sourcecode.swift; path = BookPropTailFadeRow.swift; sourceTree = "<group>"; };
		089A2D29640F62FFCD6A4769 /* GaryApp.entitlements */ = {isa = PBXFileReference; lastKnownFileType = text.plist.entitlements; path = GaryApp.entitlements; sourceTree = "<group>"; };
		09EC6CE2F5E0C84BF6E5D1C9 /* EdgesSection.swift */ = {isa = PBXFileReference; lastKnownFileType = sourcecode.swift; path = EdgesSection.swift; sourceTree = "<group>"; };
		0F609E9B5B223DD5797AC18B /* PlayerInsightModels.swift */ = {isa = PBXFileReference; lastKnownFileType = sourcecode.swift; path = PlayerInsightModels.swift; sourceTree = "<group>"; };
		122335EF5B948F60065E2A59 /* HomeSheetRow.swift */ = {isa = PBXFileReference; lastKnownFileType = sourcecode.swift; path = HomeSheetRow.swift; sourceTree = "<group>"; };
		14B79AC926AD34DD865A8E0D /* Assets.xcassets */ = {isa = PBXFileReference; lastKnownFileType = folder.assetcatalog; path = Assets.xcassets; sourceTree = "<group>"; };
		172FE445447C6E75D3B9760E /* GaryMockFixture.swift */ = {isa = PBXFileReference; lastKnownFileType = sourcecode.swift; path = GaryMockFixture.swift; sourceTree = "<group>"; };
		17A45A7002930FF2C66AF548 /* SharedStores.swift */ = {isa = PBXFileReference; lastKnownFileType = sourcecode.swift; path = SharedStores.swift; sourceTree = "<group>"; };
		183C2E8027724674891F33F8 /* HomeBoardRecord.swift */ = {isa = PBXFileReference; lastKnownFileType = sourcecode.swift; path = HomeBoardRecord.swift; sourceTree = "<group>"; };
		18936D0E89DFD6BFC4BBAC77 /* DailySlateModels.swift */ = {isa = PBXFileReference; lastKnownFileType = sourcecode.swift; path = DailySlateModels.swift; sourceTree = "<group>"; };
		1916C37437F13D260F8D02B0 /* SportFilter.swift */ = {isa = PBXFileReference; lastKnownFileType = sourcecode.swift; path = SportFilter.swift; sourceTree = "<group>"; };
		1A18FEEB91BDCB14E4CF1398 /* AppFlags.swift */ = {isa = PBXFileReference; lastKnownFileType = sourcecode.swift; path = AppFlags.swift; sourceTree = "<group>"; };
		1B2B1E9D80F4702812C1456E /* HubTeamCardSheet.swift */ = {isa = PBXFileReference; lastKnownFileType = sourcecode.swift; path = HubTeamCardSheet.swift; sourceTree = "<group>"; };
		1CC624844F361B5081E37E10 /* CommunityLeaderboardView.swift */ = {isa = PBXFileReference; lastKnownFileType = sourcecode.swift; path = CommunityLeaderboardView.swift; sourceTree = "<group>"; };
		1D4534F374F17BDCBABEFA68 /* PicksGameLifecycle.swift */ = {isa = PBXFileReference; lastKnownFileType = sourcecode.swift; path = PicksGameLifecycle.swift; sourceTree = "<group>"; };
		1D8646793345451E9ACFBEC6 /* HubJudgment.swift */ = {isa = PBXFileReference; lastKnownFileType = sourcecode.swift; path = HubJudgment.swift; sourceTree = "<group>"; };
		1DCCF76D59A117BC61451DE6 /* AuthView.swift */ = {isa = PBXFileReference; lastKnownFileType = sourcecode.swift; path = AuthView.swift; sourceTree = "<group>"; };
		2286D56D5815B84310F24FD7 /* LeaguePriority.swift */ = {isa = PBXFileReference; lastKnownFileType = sourcecode.swift; path = LeaguePriority.swift; sourceTree = "<group>"; };
		26AE11992E449EB95857D6E3 /* SettingsView.swift */ = {isa = PBXFileReference; lastKnownFileType = sourcecode.swift; path = SettingsView.swift; sourceTree = "<group>"; };
		2875C60CF8C3183323E1B318 /* HubModules.swift */ = {isa = PBXFileReference; lastKnownFileType = sourcecode.swift; path = HubModules.swift; sourceTree = "<group>"; };
		2CD4362A367AC58C2EACB4B9 /* HomeContestOverlays.swift */ = {isa = PBXFileReference; lastKnownFileType = sourcecode.swift; path = HomeContestOverlays.swift; sourceTree = "<group>"; };
		2DF5F1787B954FCEF1EA9DC7 /* ScoutWireCache.swift */ = {isa = PBXFileReference; lastKnownFileType = sourcecode.swift; path = ScoutWireCache.swift; sourceTree = "<group>"; };
		2E27B641D8479736D750606B /* HomeHeadlineCards.swift */ = {isa = PBXFileReference; lastKnownFileType = sourcecode.swift; path = HomeHeadlineCards.swift; sourceTree = "<group>"; };
		C2ADE0727DC6432E8BD7204A /* HomeLiveGameSheet.swift */ = {isa = PBXFileReference; lastKnownFileType = sourcecode.swift; path = HomeLiveGameSheet.swift; sourceTree = "<group>"; };
		2E74049E1152F0461777C659 /* PropPickModels.swift */ = {isa = PBXFileReference; lastKnownFileType = sourcecode.swift; path = PropPickModels.swift; sourceTree = "<group>"; };
		3188203BA4946FD5A43F4F4F /* GameScorePresentation.swift */ = {isa = PBXFileReference; lastKnownFileType = sourcecode.swift; path = GameScorePresentation.swift; sourceTree = "<group>"; };
		364ABE0C0FC685301E07D201 /* UserBookAPI.swift */ = {isa = PBXFileReference; lastKnownFileType = sourcecode.swift; path = UserBookAPI.swift; sourceTree = "<group>"; };
		3665B0EB5977D26BA6A94EBB /* GaryPushRouter.swift */ = {isa = PBXFileReference; lastKnownFileType = sourcecode.swift; path = GaryPushRouter.swift; sourceTree = "<group>"; };
		3742D54B471C0681B3F8EDA5 /* WinnersAccess.swift */ = {isa = PBXFileReference; lastKnownFileType = sourcecode.swift; path = WinnersAccess.swift; sourceTree = "<group>"; };
		37E74B1FCC3E8BE60A3CCF53 /* ProfileExperience.swift */ = {isa = PBXFileReference; lastKnownFileType = sourcecode.swift; path = ProfileExperience.swift; sourceTree = "<group>"; };
		392BB3CB4536197CF29E1FBB /* BookShareSheet.swift */ = {isa = PBXFileReference; lastKnownFileType = sourcecode.swift; path = BookShareSheet.swift; sourceTree = "<group>"; };
		3A2CA0A2194EA10FB9389DF6 /* HomeScorecard.swift */ = {isa = PBXFileReference; lastKnownFileType = sourcecode.swift; path = HomeScorecard.swift; sourceTree = "<group>"; };
		3FB63615611FE3F1E7236EB3 /* HomeWinnersStub.swift */ = {isa = PBXFileReference; lastKnownFileType = sourcecode.swift; path = HomeWinnersStub.swift; sourceTree = "<group>"; };
		423887686C6839DEC44C0DEA /* GoogleService-Info.plist */ = {isa = PBXFileReference; lastKnownFileType = text.plist; path = "GoogleService-Info.plist"; sourceTree = "<group>"; };
		446D27F9F1839CF7F49D043D /* HomeView.swift */ = {isa = PBXFileReference; lastKnownFileType = sourcecode.swift; path = HomeView.swift; sourceTree = "<group>"; };
		44E924B51A0530631BCA01C4 /* DailyRecapOverlay.swift */ = {isa = PBXFileReference; lastKnownFileType = sourcecode.swift; path = DailyRecapOverlay.swift; sourceTree = "<group>"; };
		44F0B22D9277AFBAA6B31D70 /* PushRegistrationProductionAdapter.swift */ = {isa = PBXFileReference; lastKnownFileType = sourcecode.swift; path = PushRegistrationProductionAdapter.swift; sourceTree = "<group>"; };
		45603B1C6142793563D0DE69 /* TeamMatching.swift */ = {isa = PBXFileReference; lastKnownFileType = sourcecode.swift; path = TeamMatching.swift; sourceTree = "<group>"; };
		4600AE509482DFB52B7476DA /* UserProfileView.swift */ = {isa = PBXFileReference; lastKnownFileType = sourcecode.swift; path = UserProfileView.swift; sourceTree = "<group>"; };
		46B81C16BB434A89FCAEAE3D /* PickCardFronts.swift */ = {isa = PBXFileReference; lastKnownFileType = sourcecode.swift; path = PickCardFronts.swift; sourceTree = "<group>"; };
		48FC1C834D48030C585F43D7 /* HubCardIdentity.swift */ = {isa = PBXFileReference; lastKnownFileType = sourcecode.swift; path = HubCardIdentity.swift; sourceTree = "<group>"; };
		49489C7FC0ABE55881B19E13 /* GaryApp.swift */ = {isa = PBXFileReference; lastKnownFileType = sourcecode.swift; path = GaryApp.swift; sourceTree = "<group>"; };
		4A1432E1B64516B6A8038B3F /* ResultModels.swift */ = {isa = PBXFileReference; lastKnownFileType = sourcecode.swift; path = ResultModels.swift; sourceTree = "<group>"; };
		4B0CF692A95CB5E283556465 /* UsefulSessionMeasurement.swift */ = {isa = PBXFileReference; lastKnownFileType = sourcecode.swift; path = UsefulSessionMeasurement.swift; sourceTree = "<group>"; };
		4CABE592D78A335CE7F297F5 /* HomeReceiptMath.swift */ = {isa = PBXFileReference; lastKnownFileType = sourcecode.swift; path = HomeReceiptMath.swift; sourceTree = "<group>"; };
		4F62E8DD5CE44661D27A5143 /* TomorrowModels.swift */ = {isa = PBXFileReference; lastKnownFileType = sourcecode.swift; path = TomorrowModels.swift; sourceTree = "<group>"; };
		5045571CBD1DF805A3FA922E /* HomeLiveVerdict.swift */ = {isa = PBXFileReference; lastKnownFileType = sourcecode.swift; path = HomeLiveVerdict.swift; sourceTree = "<group>"; };
		504ACB983B181DAF519A6012 /* LineLadder.swift */ = {isa = PBXFileReference; lastKnownFileType = sourcecode.swift; path = LineLadder.swift; sourceTree = "<group>"; };
		53BFA24CE461428376132C92 /* BookAnalytics.swift */ = {isa = PBXFileReference; lastKnownFileType = sourcecode.swift; path = BookAnalytics.swift; sourceTree = "<group>"; };
		5830A98A129D8BA9D68108C1 /* BookGameTailFadeRow.swift */ = {isa = PBXFileReference; lastKnownFileType = sourcecode.swift; path = BookGameTailFadeRow.swift; sourceTree = "<group>"; };
		58C162EF98D65308171329E2 /* SupabaseAPI.swift */ = {isa = PBXFileReference; lastKnownFileType = sourcecode.swift; path = SupabaseAPI.swift; sourceTree = "<group>"; };
		59FA2D24B5C6043DB0686E56 /* BookSlipRow.swift */ = {isa = PBXFileReference; lastKnownFileType = sourcecode.swift; path = BookSlipRow.swift; sourceTree = "<group>"; };
		5A1E3BA81061890E2E5FCA6E /* LiveScoreModels.swift */ = {isa = PBXFileReference; lastKnownFileType = sourcecode.swift; path = LiveScoreModels.swift; sourceTree = "<group>"; };
		5B819AF3A5887E60E5F1F8ED /* StatusBarScrim.swift */ = {isa = PBXFileReference; lastKnownFileType = sourcecode.swift; path = StatusBarScrim.swift; sourceTree = "<group>"; };
		630D04BBA1596DEE49C95B1E /* GamePickModels.swift */ = {isa = PBXFileReference; lastKnownFileType = sourcecode.swift; path = GamePickModels.swift; sourceTree = "<group>"; };
		63E6266BD7E057CC8CEABFD3 /* LaunchScreen.storyboard */ = {isa = PBXFileReference; lastKnownFileType = file.storyboard; path = LaunchScreen.storyboard; sourceTree = "<group>"; };
		63FDC51FC7CDB25D98D00D25 /* PlansSheet.swift */ = {isa = PBXFileReference; lastKnownFileType = sourcecode.swift; path = PlansSheet.swift; sourceTree = "<group>"; };
		6D9EACB65E985E02C49B0BB2 /* HubShared.swift */ = {isa = PBXFileReference; lastKnownFileType = sourcecode.swift; path = HubShared.swift; sourceTree = "<group>"; };
		6F2107D9710A39A5B377E6F9 /* HomeMarqueeHero.swift */ = {isa = PBXFileReference; lastKnownFileType = sourcecode.swift; path = HomeMarqueeHero.swift; sourceTree = "<group>"; };
		361AC934E889F1A4E76271A1 /* Caveat-SemiBold.ttf */ = {isa = PBXFileReference; lastKnownFileType = file; path = "Caveat-SemiBold.ttf"; sourceTree = "<group>"; };
		7350DDC8DF76DFF4835A6B82 /* PickInfoSheet.swift */ = {isa = PBXFileReference; lastKnownFileType = sourcecode.swift; path = PickInfoSheet.swift; sourceTree = "<group>"; };
		73F3557965FA818108DAF7FD /* BookAnalyticsViews.swift */ = {isa = PBXFileReference; lastKnownFileType = sourcecode.swift; path = BookAnalyticsViews.swift; sourceTree = "<group>"; };
		75D0D53F888AA7207B8B1AF3 /* BookUnitSizeSheet.swift */ = {isa = PBXFileReference; lastKnownFileType = sourcecode.swift; path = BookUnitSizeSheet.swift; sourceTree = "<group>"; };
		78AFE5890CE9D64D4867250F /* TodayBoardCache.swift */ = {isa = PBXFileReference; lastKnownFileType = sourcecode.swift; path = TodayBoardCache.swift; sourceTree = "<group>"; };
		7E22CCAF05236938E1792F26 /* HubSlateStrip.swift */ = {isa = PBXFileReference; lastKnownFileType = sourcecode.swift; path = HubSlateStrip.swift; sourceTree = "<group>"; };
		81F170A0C019724DCB8A8803 /* HomePresentation.swift */ = {isa = PBXFileReference; lastKnownFileType = sourcecode.swift; path = HomePresentation.swift; sourceTree = "<group>"; };
		83642BDA9620C73C8BBDB39A /* GaryMock.swift */ = {isa = PBXFileReference; lastKnownFileType = sourcecode.swift; path = GaryMock.swift; sourceTree = "<group>"; };
		86A1D2B9F6942E7A9AAABB73 /* UserBetDetailSheet.swift */ = {isa = PBXFileReference; lastKnownFileType = sourcecode.swift; path = UserBetDetailSheet.swift; sourceTree = "<group>"; };
		8AF21EE7054E8EF36A963E61 /* GaryTour.swift */ = {isa = PBXFileReference; lastKnownFileType = sourcecode.swift; path = GaryTour.swift; sourceTree = "<group>"; };
		8C13DC9C410DA7F379D05F31 /* HomeAdditions.swift */ = {isa = PBXFileReference; lastKnownFileType = sourcecode.swift; path = HomeAdditions.swift; sourceTree = "<group>"; };
		8F46895032E90FEEDBA6FDD9 /* PicksShowcaseLock.swift */ = {isa = PBXFileReference; lastKnownFileType = sourcecode.swift; path = PicksShowcaseLock.swift; sourceTree = "<group>"; };
		8FA6146EA3F3057A96C206F3 /* RecapModels.swift */ = {isa = PBXFileReference; lastKnownFileType = sourcecode.swift; path = RecapModels.swift; sourceTree = "<group>"; };
		91ACC79468289F61880FDA10 /* ShareCards.swift */ = {isa = PBXFileReference; lastKnownFileType = sourcecode.swift; path = ShareCards.swift; sourceTree = "<group>"; };
		9302DF881A9FBFF8C69819D7 /* ReadingMeasurementView.swift */ = {isa = PBXFileReference; lastKnownFileType = sourcecode.swift; path = ReadingMeasurementView.swift; sourceTree = "<group>"; };
		934EDFD7A73F35CA6450E067 /* PickCards.swift */ = {isa = PBXFileReference; lastKnownFileType = sourcecode.swift; path = PickCards.swift; sourceTree = "<group>"; };
		96B01B3CAAB174D5B4BE679C /* BookShareCard.swift */ = {isa = PBXFileReference; lastKnownFileType = sourcecode.swift; path = BookShareCard.swift; sourceTree = "<group>"; };
		A0E9F401815CD6F777614CFF /* HomeBoardLeague.swift */ = {isa = PBXFileReference; lastKnownFileType = sourcecode.swift; path = HomeBoardLeague.swift; sourceTree = "<group>"; };
		A2E4A4D7F2E32A0376A1AB20 /* PickDecoding.swift */ = {isa = PBXFileReference; lastKnownFileType = sourcecode.swift; path = PickDecoding.swift; sourceTree = "<group>"; };
		A3B653B8942A10915030EA69 /* BookQuickLogSheet.swift */ = {isa = PBXFileReference; lastKnownFileType = sourcecode.swift; path = BookQuickLogSheet.swift; sourceTree = "<group>"; };
		A42B2DF8115CF072B0BA9C0E /* MLBBallparks.swift */ = {isa = PBXFileReference; lastKnownFileType = sourcecode.swift; path = MLBBallparks.swift; sourceTree = "<group>"; };
		A4536063BFE66307137544F6 /* HomeSheetRowView.swift */ = {isa = PBXFileReference; lastKnownFileType = sourcecode.swift; path = HomeSheetRowView.swift; sourceTree = "<group>"; };
		A55811437713F16BBCEAECCC /* LeagueWordsOverlay.swift */ = {isa = PBXFileReference; lastKnownFileType = sourcecode.swift; path = LeagueWordsOverlay.swift; sourceTree = "<group>"; };
		A5910CBBEB0EFC49969DC2A0 /* ScoutTrio.swift */ = {isa = PBXFileReference; lastKnownFileType = sourcecode.swift; path = ScoutTrio.swift; sourceTree = "<group>"; };
		A6B153703E9F452BFFC5A392 /* Info.plist */ = {isa = PBXFileReference; lastKnownFileType = text.plist; path = Info.plist; sourceTree = "<group>"; };
		A836D05EE2951750872171D4 /* HomeSheetPanel.swift */ = {isa = PBXFileReference; lastKnownFileType = sourcecode.swift; path = HomeSheetPanel.swift; sourceTree = "<group>"; };
		AA4D875CE5CA2E4CC205EC2C /* ObservationModels.swift */ = {isa = PBXFileReference; lastKnownFileType = sourcecode.swift; path = ObservationModels.swift; sourceTree = "<group>"; };
		AAA263EB15CF6EB124BE8444 /* InsightModels.swift */ = {isa = PBXFileReference; lastKnownFileType = sourcecode.swift; path = InsightModels.swift; sourceTree = "<group>"; };
		B24536929674F3304E9497C4 /* ChangelogView.swift */ = {isa = PBXFileReference; lastKnownFileType = sourcecode.swift; path = ChangelogView.swift; sourceTree = "<group>"; };
		B50732881D4F6621F2E239E8 /* BillfoldView.swift */ = {isa = PBXFileReference; lastKnownFileType = sourcecode.swift; path = BillfoldView.swift; sourceTree = "<group>"; };
		B7711FD67AB1A58DAEA338CB /* TeasedPickCard.swift */ = {isa = PBXFileReference; lastKnownFileType = sourcecode.swift; path = TeasedPickCard.swift; sourceTree = "<group>"; };
		BB4691B720D3CD5506000450 /* PushRegistrationCoordinator.swift */ = {isa = PBXFileReference; lastKnownFileType = sourcecode.swift; path = PushRegistrationCoordinator.swift; sourceTree = "<group>"; };
		BB725EF39FDFF327B15AFAA0 /* HubPresentation.swift */ = {isa = PBXFileReference; lastKnownFileType = sourcecode.swift; path = HubPresentation.swift; sourceTree = "<group>"; };
		BBB0A067E1C7B16834B3CC7E /* PrivacyPreferences.swift */ = {isa = PBXFileReference; lastKnownFileType = sourcecode.swift; path = PrivacyPreferences.swift; sourceTree = "<group>"; };
		C0DAD9374914257AC6D8B7EC /* MLBGameIntelView.swift */ = {isa = PBXFileReference; lastKnownFileType = sourcecode.swift; path = MLBGameIntelView.swift; sourceTree = "<group>"; };
		C20455738476664B4F69306C /* BebasNeue-Regular.ttf */ = {isa = PBXFileReference; lastKnownFileType = file; path = "BebasNeue-Regular.ttf"; sourceTree = "<group>"; };
		C357954C43910E9D218D8A48 /* PicksTab.swift */ = {isa = PBXFileReference; lastKnownFileType = sourcecode.swift; path = PicksTab.swift; sourceTree = "<group>"; };
		C5F55AD720CF6AB310A65DD6 /* HomeSectionRule.swift */ = {isa = PBXFileReference; lastKnownFileType = sourcecode.swift; path = HomeSectionRule.swift; sourceTree = "<group>"; };
		C76D962853397848F9631A85 /* ContentView.swift */ = {isa = PBXFileReference; lastKnownFileType = sourcecode.swift; path = ContentView.swift; sourceTree = "<group>"; };
		C98E3F91D643EAE8E4199E0A /* KeychainStorage.swift */ = {isa = PBXFileReference; lastKnownFileType = sourcecode.swift; path = KeychainStorage.swift; sourceTree = "<group>"; };
		CB45E26DD134BFC068B8302E /* GaryPushNavigation.swift */ = {isa = PBXFileReference; lastKnownFileType = sourcecode.swift; path = GaryPushNavigation.swift; sourceTree = "<group>"; };
		CB7CFB0C652C052F27B7B06E /* DesignSystem.swift */ = {isa = PBXFileReference; lastKnownFileType = sourcecode.swift; path = DesignSystem.swift; sourceTree = "<group>"; };
		CCD93E5D1EF66CAE83E9C2A7 /* HomeScoreCell.swift */ = {isa = PBXFileReference; lastKnownFileType = sourcecode.swift; path = HomeScoreCell.swift; sourceTree = "<group>"; };
		CE82A102A46375D6956CA261 /* PropCards.swift */ = {isa = PBXFileReference; lastKnownFileType = sourcecode.swift; path = PropCards.swift; sourceTree = "<group>"; };
		D19016671EB6FE8BA2D21AA5 /* HomeAllStarTakeover.swift */ = {isa = PBXFileReference; lastKnownFileType = sourcecode.swift; path = HomeAllStarTakeover.swift; sourceTree = "<group>"; };
		D6289FFF9B0F020023DC2654 /* FootballProofContract.swift */ = {isa = PBXFileReference; lastKnownFileType = sourcecode.swift; path = FootballProofContract.swift; sourceTree = "<group>"; };
		DAA786E7F169BD7F540E99AD /* HomeContentPlaceholder.swift */ = {isa = PBXFileReference; lastKnownFileType = sourcecode.swift; path = HomeContentPlaceholder.swift; sourceTree = "<group>"; };
		DAE92047709CBFC7EF21709F /* GamePickSources.swift */ = {isa = PBXFileReference; lastKnownFileType = sourcecode.swift; path = GamePickSources.swift; sourceTree = "<group>"; };
		DCC5E17A7F65A413F259B852 /* PickPresentation.swift */ = {isa = PBXFileReference; lastKnownFileType = sourcecode.swift; path = PickPresentation.swift; sourceTree = "<group>"; };
		E05BCFF06A3460CF2AABAD1C /* HomeMarqueeTracker.swift */ = {isa = PBXFileReference; lastKnownFileType = sourcecode.swift; path = HomeMarqueeTracker.swift; sourceTree = "<group>"; };
		E0E8413DA9E5113A3B0CC324 /* PicksSettledProps.swift */ = {isa = PBXFileReference; lastKnownFileType = sourcecode.swift; path = PicksSettledProps.swift; sourceTree = "<group>"; };
		E22C3B2D38BB04B17570FDF1 /* GaryApp.app */ = {isa = PBXFileReference; includeInIndex = 0; lastKnownFileType = wrapper.application; path = GaryApp.app; sourceTree = BUILT_PRODUCTS_DIR; };
		E7D6B8E9F0CF02424E1A174D /* PickDetailSections.swift */ = {isa = PBXFileReference; lastKnownFileType = sourcecode.swift; path = PickDetailSections.swift; sourceTree = "<group>"; };
		E995C877626201F5BFD5388E /* BookModels.swift */ = {isa = PBXFileReference; lastKnownFileType = sourcecode.swift; path = BookModels.swift; sourceTree = "<group>"; };
		EA272C7F9D58EAE4A10482AE /* GamePickGrading.swift */ = {isa = PBXFileReference; lastKnownFileType = sourcecode.swift; path = GamePickGrading.swift; sourceTree = "<group>"; };
		EA4AF4EDA7782EBC4759F1EC /* BookDirectoryPolicy.swift */ = {isa = PBXFileReference; lastKnownFileType = sourcecode.swift; path = BookDirectoryPolicy.swift; sourceTree = "<group>"; };
		EA8F46B0EAB485ABFE718537 /* HomeCountdownText.swift */ = {isa = PBXFileReference; lastKnownFileType = sourcecode.swift; path = HomeCountdownText.swift; sourceTree = "<group>"; };
		EACA3C62DE0B4E0E01444549 /* StatModels.swift */ = {isa = PBXFileReference; lastKnownFileType = sourcecode.swift; path = StatModels.swift; sourceTree = "<group>"; };
		EB2C36EEB1B0C459E11AD85A /* FootballGameIntelView.swift */ = {isa = PBXFileReference; lastKnownFileType = sourcecode.swift; path = FootballGameIntelView.swift; sourceTree = "<group>"; };
		ECE32BA2E5208CC9E994A26A /* Models.swift */ = {isa = PBXFileReference; lastKnownFileType = sourcecode.swift; path = Models.swift; sourceTree = "<group>"; };
		EE21B465B1DA58917F7085B6 /* PicksHistory.swift */ = {isa = PBXFileReference; lastKnownFileType = sourcecode.swift; path = PicksHistory.swift; sourceTree = "<group>"; };
		EE350E03442B0063678FC5B3 /* HomeDecorations.swift */ = {isa = PBXFileReference; lastKnownFileType = sourcecode.swift; path = HomeDecorations.swift; sourceTree = "<group>"; };
		F0616A3C8A2F0268B8A05C4D /* Secrets.swift */ = {isa = PBXFileReference; lastKnownFileType = sourcecode.swift; path = Secrets.swift; sourceTree = "<group>"; };
		F21E09A91374804B898D5D56 /* TomorrowView.swift */ = {isa = PBXFileReference; lastKnownFileType = sourcecode.swift; path = TomorrowView.swift; sourceTree = "<group>"; };
		F380EE2B8EFD361598E27312 /* ProviderIdentity.swift */ = {isa = PBXFileReference; lastKnownFileType = sourcecode.swift; path = ProviderIdentity.swift; sourceTree = "<group>"; };
		F38BDFBC49F7D72DB16D296E /* HomeCashesSection.swift */ = {isa = PBXFileReference; lastKnownFileType = sourcecode.swift; path = HomeCashesSection.swift; sourceTree = "<group>"; };
		F5672EBF8B49EE6497F87B8A /* HomePersonalScorecard.swift */ = {isa = PBXFileReference; lastKnownFileType = sourcecode.swift; path = HomePersonalScorecard.swift; sourceTree = "<group>"; };
		F59A0CFAB815733E3A45AC42 /* PropRows.swift */ = {isa = PBXFileReference; lastKnownFileType = sourcecode.swift; path = PropRows.swift; sourceTree = "<group>"; };
		F5D5B97A6EC1D58EF9FEA661 /* PicksTodayPage.swift */ = {isa = PBXFileReference; lastKnownFileType = sourcecode.swift; path = PicksTodayPage.swift; sourceTree = "<group>"; };
		FBB94BA05B70C7412D0F1576 /* PrivacyInfo.xcprivacy */ = {isa = PBXFileReference; path = PrivacyInfo.xcprivacy; sourceTree = "<group>"; };
		FD0996AC1691015D22592C35 /* SportsbookOdds.swift */ = {isa = PBXFileReference; lastKnownFileType = sourcecode.swift; path = SportsbookOdds.swift; sourceTree = "<group>"; };
/* End PBXFileReference section */

/* Begin PBXFrameworksBuildPhase section */
		FE30AD194F573DEA5E2DAD74 /* Frameworks */ = {
			isa = PBXFrameworksBuildPhase;
			buildActionMask = 2147483647;
			files = (
				44FB25CBEB7324D5CDF9CAB7 /* FirebaseMessaging in Frameworks */,
				71C1BBA0D0BFFF070BBE70FE /* Lottie in Frameworks */,
				050FAB3C2FBD1312014A6102 /* GoogleSignIn in Frameworks */,
			);
			runOnlyForDeploymentPostprocessing = 0;
		};
/* End PBXFrameworksBuildPhase section */

/* Begin PBXGroup section */
		02F13D03245A29657A46163C /* Products */ = {
			isa = PBXGroup;
			children = (
				E22C3B2D38BB04B17570FDF1 /* GaryApp.app */,
			);
			name = Products;
			sourceTree = "<group>";
		};
		03148F56B6E283BB9535052F /* Book */ = {
			isa = PBXGroup;
			children = (
				EA4AF4EDA7782EBC4759F1EC /* BookDirectoryPolicy.swift */,
				5830A98A129D8BA9D68108C1 /* BookGameTailFadeRow.swift */,
				E995C877626201F5BFD5388E /* BookModels.swift */,
				0562C26E942E26FB17ED3063 /* BookPropTailFadeRow.swift */,
				A3B653B8942A10915030EA69 /* BookQuickLogSheet.swift */,
				96B01B3CAAB174D5B4BE679C /* BookShareCard.swift */,
				392BB3CB4536197CF29E1FBB /* BookShareSheet.swift */,
				59FA2D24B5C6043DB0686E56 /* BookSlipRow.swift */,
				75D0D53F888AA7207B8B1AF3 /* BookUnitSizeSheet.swift */,
				1CC624844F361B5081E37E10 /* CommunityLeaderboardView.swift */,
				364ABE0C0FC685301E07D201 /* UserBookAPI.swift */,
				4600AE509482DFB52B7476DA /* UserProfileView.swift */,
			);
			path = Book;
			sourceTree = "<group>";
		};
		6CFD3216AB39252D9E52D645 /* GaryApp */ = {
			isa = PBXGroup;
			children = (
				575463672BB547CFF952CA36 /* WinnersLab */,
				DA97C0DE0003DA97C0DE0003 /* Darts */,
				04419532DA2B9AE61A7A7B47 /* AccessView.swift */,
				1A18FEEB91BDCB14E4CF1398 /* AppFlags.swift */,
				14B79AC926AD34DD865A8E0D /* Assets.xcassets */,
				008FA1BAD0680B6769DD9D2A /* AuthManager.swift */,
				1DCCF76D59A117BC61451DE6 /* AuthView.swift */,
				B50732881D4F6621F2E239E8 /* BillfoldView.swift */,
				53BFA24CE461428376132C92 /* BookAnalytics.swift */,
				73F3557965FA818108DAF7FD /* BookAnalyticsViews.swift */,
				B24536929674F3304E9497C4 /* ChangelogView.swift */,
				C76D962853397848F9631A85 /* ContentView.swift */,
				CB7CFB0C652C052F27B7B06E /* DesignSystem.swift */,
				EB2C36EEB1B0C459E11AD85A /* FootballGameIntelView.swift */,
				D6289FFF9B0F020023DC2654 /* FootballProofContract.swift */,
				089A2D29640F62FFCD6A4769 /* GaryApp.entitlements */,
				49489C7FC0ABE55881B19E13 /* GaryApp.swift */,
				83642BDA9620C73C8BBDB39A /* GaryMock.swift */,
				172FE445447C6E75D3B9760E /* GaryMockFixture.swift */,
				CB45E26DD134BFC068B8302E /* GaryPushNavigation.swift */,
				3665B0EB5977D26BA6A94EBB /* GaryPushRouter.swift */,
				8AF21EE7054E8EF36A963E61 /* GaryTour.swift */,
				423887686C6839DEC44C0DEA /* GoogleService-Info.plist */,
				8C13DC9C410DA7F379D05F31 /* HomeAdditions.swift */,
				446D27F9F1839CF7F49D043D /* HomeView.swift */,
				48FC1C834D48030C585F43D7 /* HubCardIdentity.swift */,
				1D8646793345451E9ACFBEC6 /* HubJudgment.swift */,
				2875C60CF8C3183323E1B318 /* HubModules.swift */,
				6D9EACB65E985E02C49B0BB2 /* HubShared.swift */,
				A6B153703E9F452BFFC5A392 /* Info.plist */,
				C98E3F91D643EAE8E4199E0A /* KeychainStorage.swift */,
				63E6266BD7E057CC8CEABFD3 /* LaunchScreen.storyboard */,
				504ACB983B181DAF519A6012 /* LineLadder.swift */,
				A42B2DF8115CF072B0BA9C0E /* MLBBallparks.swift */,
				C0DAD9374914257AC6D8B7EC /* MLBGameIntelView.swift */,
				ECE32BA2E5208CC9E994A26A /* Models.swift */,
				0401A3AF4481A17889BD3F01 /* NCAAFTeams.swift */,
				46B81C16BB434A89FCAEAE3D /* PickCardFronts.swift */,
				934EDFD7A73F35CA6450E067 /* PickCards.swift */,
				E7D6B8E9F0CF02424E1A174D /* PickDetailSections.swift */,
				C357954C43910E9D218D8A48 /* PicksTab.swift */,
				63FDC51FC7CDB25D98D00D25 /* PlansSheet.swift */,
				FBB94BA05B70C7412D0F1576 /* PrivacyInfo.xcprivacy */,
				BBB0A067E1C7B16834B3CC7E /* PrivacyPreferences.swift */,
				37E74B1FCC3E8BE60A3CCF53 /* ProfileExperience.swift */,
				CE82A102A46375D6956CA261 /* PropCards.swift */,
				F59A0CFAB815733E3A45AC42 /* PropRows.swift */,
				BB4691B720D3CD5506000450 /* PushRegistrationCoordinator.swift */,
				44F0B22D9277AFBAA6B31D70 /* PushRegistrationProductionAdapter.swift */,
				9302DF881A9FBFF8C69819D7 /* ReadingMeasurementView.swift */,
				A5910CBBEB0EFC49969DC2A0 /* ScoutTrio.swift */,
				F0616A3C8A2F0268B8A05C4D /* Secrets.swift */,
				26AE11992E449EB95857D6E3 /* SettingsView.swift */,
				91ACC79468289F61880FDA10 /* ShareCards.swift */,
				17A45A7002930FF2C66AF548 /* SharedStores.swift */,
				1916C37437F13D260F8D02B0 /* SportFilter.swift */,
				58C162EF98D65308171329E2 /* SupabaseAPI.swift */,
				F21E09A91374804B898D5D56 /* TomorrowView.swift */,
				4B0CF692A95CB5E283556465 /* UsefulSessionMeasurement.swift */,
				86A1D2B9F6942E7A9AAABB73 /* UserBetDetailSheet.swift */,
				0110A48840365DDC8DBFCABF /* UserBookView.swift */,
				03C6DA44F8FF4FA6F58CA3A3 /* ViewsShared.swift */,
				3742D54B471C0681B3F8EDA5 /* WinnersAccess.swift */,
			);
			name = GaryApp;
			path = .;
			sourceTree = "<group>";
		};
		91E7769BD9DC37D8974535EF = {
			isa = PBXGroup;
			children = (
				03148F56B6E283BB9535052F /* Book */,
				9BF04537F523600B06ACFE41 /* Fonts */,
				6CFD3216AB39252D9E52D645 /* GaryApp */,
				A9B7A0DCD1996F4BF6D28171 /* Home */,
				E8FA33A948213B745BFF273D /* Hub */,
				CAC419B2C0FEC1CE5A49DE84 /* Models */,
				B4CD865722F37657A042C59C /* Picks */,
				02F13D03245A29657A46163C /* Products */,
			);
			sourceTree = "<group>";
		};
		9BF04537F523600B06ACFE41 /* Fonts */ = {
			isa = PBXGroup;
			children = (
				C20455738476664B4F69306C /* BebasNeue-Regular.ttf */,
				361AC934E889F1A4E76271A1 /* Caveat-SemiBold.ttf */,
			);
			path = Fonts;
			sourceTree = "<group>";
		};
		A9B7A0DCD1996F4BF6D28171 /* Home */ = {
			isa = PBXGroup;
			children = (
				44E924B51A0530631BCA01C4 /* DailyRecapOverlay.swift */,
				DAE92047709CBFC7EF21709F /* GamePickSources.swift */,
				D19016671EB6FE8BA2D21AA5 /* HomeAllStarTakeover.swift */,
				A0E9F401815CD6F777614CFF /* HomeBoardLeague.swift */,
				183C2E8027724674891F33F8 /* HomeBoardRecord.swift */,
				F38BDFBC49F7D72DB16D296E /* HomeCashesSection.swift */,
				DAA786E7F169BD7F540E99AD /* HomeContentPlaceholder.swift */,
				2CD4362A367AC58C2EACB4B9 /* HomeContestOverlays.swift */,
				EA8F46B0EAB485ABFE718537 /* HomeCountdownText.swift */,
				EE350E03442B0063678FC5B3 /* HomeDecorations.swift */,
				2E27B641D8479736D750606B /* HomeHeadlineCards.swift */,
				C2ADE0727DC6432E8BD7204A /* HomeLiveGameSheet.swift */,
				5045571CBD1DF805A3FA922E /* HomeLiveVerdict.swift */,
				6F2107D9710A39A5B377E6F9 /* HomeMarqueeHero.swift */,
				E05BCFF06A3460CF2AABAD1C /* HomeMarqueeTracker.swift */,
				F5672EBF8B49EE6497F87B8A /* HomePersonalScorecard.swift */,
				81F170A0C019724DCB8A8803 /* HomePresentation.swift */,
				4CABE592D78A335CE7F297F5 /* HomeReceiptMath.swift */,
				3A2CA0A2194EA10FB9389DF6 /* HomeScorecard.swift */,
				CCD93E5D1EF66CAE83E9C2A7 /* HomeScoreCell.swift */,
				041F90F1AEF28232C0BB3A25 /* HomeScrollBehavior.swift */,
				C5F55AD720CF6AB310A65DD6 /* HomeSectionRule.swift */,
				A836D05EE2951750872171D4 /* HomeSheetPanel.swift */,
				122335EF5B948F60065E2A59 /* HomeSheetRow.swift */,
				A4536063BFE66307137544F6 /* HomeSheetRowView.swift */,
				3FB63615611FE3F1E7236EB3 /* HomeWinnersStub.swift */,
				A55811437713F16BBCEAECCC /* LeagueWordsOverlay.swift */,
				7350DDC8DF76DFF4835A6B82 /* PickInfoSheet.swift */,
				5B819AF3A5887E60E5F1F8ED /* StatusBarScrim.swift */,
			);
			path = Home;
			sourceTree = "<group>";
		};
		B4CD865722F37657A042C59C /* Picks */ = {
			isa = PBXGroup;
			children = (
				09EC6CE2F5E0C84BF6E5D1C9 /* EdgesSection.swift */,
				EA272C7F9D58EAE4A10482AE /* GamePickGrading.swift */,
				3188203BA4946FD5A43F4F4F /* GameScorePresentation.swift */,
				2286D56D5815B84310F24FD7 /* LeaguePriority.swift */,
				DCC5E17A7F65A413F259B852 /* PickPresentation.swift */,
				1D4534F374F17BDCBABEFA68 /* PicksGameLifecycle.swift */,
				EE21B465B1DA58917F7085B6 /* PicksHistory.swift */,
				E0E8413DA9E5113A3B0CC324 /* PicksSettledProps.swift */,
				8F46895032E90FEEDBA6FDD9 /* PicksShowcaseLock.swift */,
				F5D5B97A6EC1D58EF9FEA661 /* PicksTodayPage.swift */,
				2DF5F1787B954FCEF1EA9DC7 /* ScoutWireCache.swift */,
				45603B1C6142793563D0DE69 /* TeamMatching.swift */,
				B7711FD67AB1A58DAEA338CB /* TeasedPickCard.swift */,
				78AFE5890CE9D64D4867250F /* TodayBoardCache.swift */,
			);
			path = Picks;
			sourceTree = "<group>";
		};
		CAC419B2C0FEC1CE5A49DE84 /* Models */ = {
			isa = PBXGroup;
			children = (
				18936D0E89DFD6BFC4BBAC77 /* DailySlateModels.swift */,
				630D04BBA1596DEE49C95B1E /* GamePickModels.swift */,
				AAA263EB15CF6EB124BE8444 /* InsightModels.swift */,
				5A1E3BA81061890E2E5FCA6E /* LiveScoreModels.swift */,
				AA4D875CE5CA2E4CC205EC2C /* ObservationModels.swift */,
				A2E4A4D7F2E32A0376A1AB20 /* PickDecoding.swift */,
				0F609E9B5B223DD5797AC18B /* PlayerInsightModels.swift */,
				2E74049E1152F0461777C659 /* PropPickModels.swift */,
				F380EE2B8EFD361598E27312 /* ProviderIdentity.swift */,
				8FA6146EA3F3057A96C206F3 /* RecapModels.swift */,
				4A1432E1B64516B6A8038B3F /* ResultModels.swift */,
				FD0996AC1691015D22592C35 /* SportsbookOdds.swift */,
				EACA3C62DE0B4E0E01444549 /* StatModels.swift */,
				4F62E8DD5CE44661D27A5143 /* TomorrowModels.swift */,
			);
			path = Models;
			sourceTree = "<group>";
		};
		E8FA33A948213B745BFF273D /* Hub */ = {
			isa = PBXGroup;
			children = (
				BB725EF39FDFF327B15AFAA0 /* HubPresentation.swift */,
				7E22CCAF05236938E1792F26 /* HubSlateStrip.swift */,
				1B2B1E9D80F4702812C1456E /* HubTeamCardSheet.swift */,
			);
			path = Hub;
			sourceTree = "<group>";
		};
		DA97C0DE0003DA97C0DE0003 /* Darts */ = {
			isa = PBXGroup;
			children = (
				DA97C0DE0001DA97C0DE0001 /* DartsView.swift */,
				163989F8843944B69F9F5FBB /* ParlaySlip.swift */,
				BC3F0A43A3A3A76BC8F3211D /* DartsFeatured.swift */,
				07226A2E227DA0055352692E /* DartboardMocks.swift */,
				77D63CD497B8DF7E6588488E /* PrimetimeSheet.swift */,
				1C2E06843DC3FD3FFAD1DB8C /* FantasySheet.swift */,
				3269F681C80F4DF0BA33C18A /* DartsHitRates.swift */,
				6838969A3FC0FD8783F73910 /* DartsParts.swift */,
				DB0A4D5E0A1B4C2D8E3F4A5C /* DartsBoard.swift */,
				D49858CD8A49410F93CA38BD /* GaryYardstick.swift */,
			);
			path = Darts;
			sourceTree = "<group>";
		};
		575463672BB547CFF952CA36 /* WinnersLab */ = {
			isa = PBXGroup;
			children = (
				958086BBEEB1C76916D435F9 /* LabModels.swift */,
				C209BDACA3D9ED22D288F8C6 /* LabDesign.swift */,
				E364F49796338B2D876663BF /* LabTracker.swift */,
				D06F096559C9E3D36757ACB7 /* LabUnveil.swift */,
				320096A3A5042DB0448CB598 /* LabPlayView.swift */,
				EB621D6FF82298D494AFDCEA /* WinnersLabView.swift */,
			);
			path = WinnersLab;
			sourceTree = "<group>";
		};
/* End PBXGroup section */

/* Begin PBXNativeTarget section */
		75398D566F3FB74B46B3657E /* GaryApp */ = {
			isa = PBXNativeTarget;
			buildConfigurationList = 8F344E799FEC56645C29B39F /* Build configuration list for PBXNativeTarget "GaryApp" */;
			buildPhases = (
				7119331DA617EFB8F15E3E78 /* Sources */,
				257D2E950608B14CB89B1681 /* Resources */,
				FE30AD194F573DEA5E2DAD74 /* Frameworks */,
			);
			buildRules = (
			);
			dependencies = (
			);
			name = GaryApp;
			packageProductDependencies = (
				19246C9DB6761505C046FD73 /* FirebaseMessaging */,
				C4B05FFDB3FA92CCFC7CF3AC /* Lottie */,
				921968E9FC0E6DE90F6EAD89 /* GoogleSignIn */,
			);
			productName = GaryApp;
			productReference = E22C3B2D38BB04B17570FDF1 /* GaryApp.app */;
			productType = "com.apple.product-type.application";
		};
/* End PBXNativeTarget section */

/* Begin PBXProject section */
		7682647F094B545A05D740D5 /* Project object */ = {
			isa = PBXProject;
			attributes = {
				BuildIndependentTargetsInParallel = YES;
				LastUpgradeCheck = 1430;
				TargetAttributes = {
					75398D566F3FB74B46B3657E = {
						DevelopmentTeam = SFBTX6KPLM;
						ProvisioningStyle = Automatic;
					};
				};
			};
			buildConfigurationList = 3997767653906A86391684B2 /* Build configuration list for PBXProject "GaryApp" */;
			compatibilityVersion = "Xcode 14.0";
			developmentRegion = en;
			hasScannedForEncodings = 0;
			knownRegions = (
				Base,
				en,
			);
			mainGroup = 91E7769BD9DC37D8974535EF;
			minimizedProjectReferenceProxies = 1;
			packageReferences = (
				333152C5F459BE3101ADA03F /* XCRemoteSwiftPackageReference "firebase-ios-sdk" */,
				0E89E052638BB89393F5D4C4 /* XCRemoteSwiftPackageReference "GoogleSignIn-iOS" */,
				47169F9A256E75AFFBB87021 /* XCRemoteSwiftPackageReference "lottie-ios" */,
			);
			preferredProjectObjectVersion = 77;
			projectDirPath = "";
			projectRoot = "";
			targets = (
				75398D566F3FB74B46B3657E /* GaryApp */,
			);
		};
/* End PBXProject section */

/* Begin PBXResourcesBuildPhase section */
		257D2E950608B14CB89B1681 /* Resources */ = {
			isa = PBXResourcesBuildPhase;
			buildActionMask = 2147483647;
			files = (
				0D3593A1A2CB73655586485A /* Assets.xcassets in Resources */,
				0984340298B6C347AF6F4588 /* BebasNeue-Regular.ttf in Resources */,
				FAE577A219F049637480970D /* GoogleService-Info.plist in Resources */,
				5EDA0A1CBF608AE80BCACE1A /* LaunchScreen.storyboard in Resources */,
				938E3FFBE59972BA9FD4D008 /* PrivacyInfo.xcprivacy in Resources */,
				C9D20866E8F16B3704D1D729 /* Caveat-SemiBold.ttf in Resources */,
			);
			runOnlyForDeploymentPostprocessing = 0;
		};
/* End PBXResourcesBuildPhase section */

/* Begin PBXSourcesBuildPhase section */
		7119331DA617EFB8F15E3E78 /* Sources */ = {
			isa = PBXSourcesBuildPhase;
			buildActionMask = 2147483647;
			files = (
				777E3671E910DCC68EC80983 /* LabModels.swift in Sources */,
				94DDC0A3C2FE7474DE8E1359 /* LabDesign.swift in Sources */,
				4B822311B9F05FD311BBA679 /* LabTracker.swift in Sources */,
				0F4A58D8C33C5B88D3B12895 /* LabUnveil.swift in Sources */,
				AAB58AEA0974CF2B67EB8ACE /* LabPlayView.swift in Sources */,
				D64345313C551A85E494BEBC /* WinnersLabView.swift in Sources */,
				DA97C0DE0002DA97C0DE0002 /* DartsView.swift in Sources */,
				46823E83863D408782FFE648 /* ParlaySlip.swift in Sources */,
				98FE8C910781891376ED8500 /* DartsFeatured.swift in Sources */,
				038936658E7DA84EA86269CE /* DartboardMocks.swift in Sources */,
				6EA984E3B42FDF5E528798EE /* PrimetimeSheet.swift in Sources */,
				92D0D2530367583361130FD8 /* FantasySheet.swift in Sources */,
				7A33F421D2F84BE2919940DA /* DartsHitRates.swift in Sources */,
				D8FA4244359AA8A40C65A84F /* DartsParts.swift in Sources */,
				DB0A4D5E0A1B4C2D8E3F4A5B /* DartsBoard.swift in Sources */,
				86C23DCEC81C4B5E9C777631 /* GaryYardstick.swift in Sources */,
				11082D2682BC0FFD484F133E /* AccessView.swift in Sources */,
				DB25BB5C9570DD1B389E88A0 /* AppFlags.swift in Sources */,
				2AC44BD89F056DF4FCA691AD /* AuthManager.swift in Sources */,
				0EB2F8BCD130889212D87639 /* AuthView.swift in Sources */,
				797A5F3127AD646C9BB0B7AA /* BillfoldView.swift in Sources */,
				ACE0CEFB5003BD02E7EDE896 /* BookAnalytics.swift in Sources */,
				975A2414CA2CDA99B994CD68 /* BookAnalyticsViews.swift in Sources */,
				0E33AED33F1DC6C5A06920F4 /* BookDirectoryPolicy.swift in Sources */,
				D3291A691522CE66D0CCAB1A /* BookGameTailFadeRow.swift in Sources */,
				62468D2AB3E9074E58DAC9C4 /* BookModels.swift in Sources */,
				5A64E9D1729A0AECB2AA4E00 /* BookPropTailFadeRow.swift in Sources */,
				58EF4AB98F2B590CFA0119F4 /* BookQuickLogSheet.swift in Sources */,
				3BAE34BDDACCC5E23CF91457 /* BookShareCard.swift in Sources */,
				01C54BDD1C40A6E59A02ABEB /* BookShareSheet.swift in Sources */,
				A21D932099DD11407BA33104 /* BookSlipRow.swift in Sources */,
				4CC7EB3ED44C36B41B991103 /* BookUnitSizeSheet.swift in Sources */,
				0D809CA674D78F140C6117B8 /* ChangelogView.swift in Sources */,
				6E46F0266C1DDA63BB06134B /* CommunityLeaderboardView.swift in Sources */,
				CA682CB250F6A7F4462A70B2 /* ContentView.swift in Sources */,
				1CE831B1B532239BAFA1DB36 /* DailyRecapOverlay.swift in Sources */,
				7CC02BA6A71C032E103D6B87 /* DailySlateModels.swift in Sources */,
				E6905D0BB1424B9D57295179 /* DesignSystem.swift in Sources */,
				F0689A33CFFE7E3186C251B7 /* EdgesSection.swift in Sources */,
				FB384F8D2C8A2324386B3A9C /* FootballGameIntelView.swift in Sources */,
				EB766D927BDED514AF361A6C /* FootballProofContract.swift in Sources */,
				D5D7404248E8F0373D6A9E44 /* GamePickGrading.swift in Sources */,
				C3AA68D864B07B91581DA522 /* GamePickModels.swift in Sources */,
				0CB57656B74BDEAF1F3E70A5 /* GamePickSources.swift in Sources */,
				E1B91C88959C99CE094C5CE3 /* GameScorePresentation.swift in Sources */,
				40771064325B4E728A735AEA /* GaryApp.swift in Sources */,
				5F37D1EEF37E3919987B339C /* GaryMock.swift in Sources */,
				41F71E6A8247728856FC0AFF /* GaryMockFixture.swift in Sources */,
				84D36DCC0771C34F5BCB2C27 /* GaryPushNavigation.swift in Sources */,
				DA5828CE40A952046635B0C7 /* GaryPushRouter.swift in Sources */,
				AD40BD1C591C0853AB20200A /* GaryTour.swift in Sources */,
				0BE6FB14629F5618AA09EDD3 /* HomeAdditions.swift in Sources */,
				779B2C7F70EF81D4073B7794 /* HomeAllStarTakeover.swift in Sources */,
				08666A948DC19463C5D7F327 /* HomeBoardLeague.swift in Sources */,
				603903F93E7499C7BE722DEC /* HomeBoardRecord.swift in Sources */,
				29F19C9A030AF9BD1C808767 /* HomeCashesSection.swift in Sources */,
				1E3D4B17D62A8B81476A66F6 /* HomeContentPlaceholder.swift in Sources */,
				E70769CECB0BFE0333B45A17 /* HomeContestOverlays.swift in Sources */,
				3F9C4BD82DBBCE1A684F1954 /* HomeCountdownText.swift in Sources */,
				75B7CB8883C3A531B39570F9 /* HomeDecorations.swift in Sources */,
				57D6884D37D385119D2CB95F /* HomeHeadlineCards.swift in Sources */,
				B57643FF0F1C4AAAB1BC62F6 /* HomeLiveGameSheet.swift in Sources */,
				3970CDAC01ED5D05D6448664 /* HomeLiveVerdict.swift in Sources */,
				EB862D1F777BDFF490F421A4 /* HomeMarqueeHero.swift in Sources */,
				66A58BD776985470ED7F5842 /* HomeMarqueeTracker.swift in Sources */,
				3292358B12933B1F8DD2A4D2 /* HomePersonalScorecard.swift in Sources */,
				9F2CE5FFECBC920827D175D6 /* HomePresentation.swift in Sources */,
				00E8441238CE0350F71EDF8A /* HomeReceiptMath.swift in Sources */,
				BCAA0F09DF8AB6F1C1E40276 /* HomeScoreCell.swift in Sources */,
				E9E8EFDCFA4845FD5C0DEDE1 /* HomeScorecard.swift in Sources */,
				393271714C6E80990F74F4C5 /* HomeScrollBehavior.swift in Sources */,
				6B69B887AB3562C1C4524328 /* HomeSectionRule.swift in Sources */,
				8D5767617569EF3EA45DC781 /* HomeSheetPanel.swift in Sources */,
				115572DD1FE450DE26665445 /* HomeSheetRow.swift in Sources */,
				C570C3DCCA048DB6903094EC /* HomeSheetRowView.swift in Sources */,
				1D6F6CCF87C3ADD493EA4537 /* HomeView.swift in Sources */,
				8756B1AB98B93F625E0ABDEB /* HomeWinnersStub.swift in Sources */,
				5DFBF72A707CF57B3473AF15 /* HubCardIdentity.swift in Sources */,
				C920D1248BE2F9B6BB1AA083 /* HubJudgment.swift in Sources */,
				47846AC2738F061D755EAB0B /* HubModules.swift in Sources */,
				997E07EB4DB05CD9DD443484 /* HubPresentation.swift in Sources */,
				0A58E6EBA3993F57F462F0BD /* HubShared.swift in Sources */,
				AD3E15D4183BDE53A356528B /* HubSlateStrip.swift in Sources */,
				FB9A4B1042D3B996AF4795CD /* HubTeamCardSheet.swift in Sources */,
				FDF77A3912F62A37D0C7AD07 /* InsightModels.swift in Sources */,
				848433E84732600F7F27F78B /* KeychainStorage.swift in Sources */,
				E57C0F0F2C53FAA9FBD02E53 /* LeaguePriority.swift in Sources */,
				DFE5DACD49CBA0D964B92ACB /* LeagueWordsOverlay.swift in Sources */,
				712A580815AA9279A2893A6E /* LineLadder.swift in Sources */,
				4464A71ED74D1CA884445ED1 /* LiveScoreModels.swift in Sources */,
				C436839CACCB30E27770C425 /* MLBBallparks.swift in Sources */,
				0B397BC2A4AF390C22016E57 /* MLBGameIntelView.swift in Sources */,
				5A432D05492831EB727B31A7 /* Models.swift in Sources */,
				A16940DC40019CB21422D0BF /* NCAAFTeams.swift in Sources */,
				9EFC61151B60D08A2ADBCB6B /* ObservationModels.swift in Sources */,
				A274C466873082EE9A29D43A /* PickCardFronts.swift in Sources */,
				70695B586002EEA19E7AFE08 /* PickCards.swift in Sources */,
				083546DE6193C31338749DC8 /* PickDecoding.swift in Sources */,
				2D76783BDADD60D6063C6A9F /* PickDetailSections.swift in Sources */,
				5F7A100F47E8BCC8339C2A75 /* PickInfoSheet.swift in Sources */,
				846F812EE765FC373DFB1277 /* PickPresentation.swift in Sources */,
				B7C2E94886B33D9594C9315C /* PicksGameLifecycle.swift in Sources */,
				AA86CA7D4AA2E76348C9B9D8 /* PicksHistory.swift in Sources */,
				D190F420CE5C5C104F43BDCE /* PicksSettledProps.swift in Sources */,
				54D4763CD95051478E335E90 /* PicksShowcaseLock.swift in Sources */,
				B832057A2494FE699C8DFCEC /* PicksTab.swift in Sources */,
				1BF6674DE9267C5E3F2086DF /* PicksTodayPage.swift in Sources */,
				79B9B334ADEB3F31B0C774C6 /* PlansSheet.swift in Sources */,
				BAEDEB27B6304C7B05ECCDD3 /* PlayerInsightModels.swift in Sources */,
				AD435BBBE21CBB989632FEA4 /* PrivacyPreferences.swift in Sources */,
				E1E4F32BF3B0856471323B74 /* ProfileExperience.swift in Sources */,
				FEEBAC26EABD53E44CD38DBB /* PropCards.swift in Sources */,
				E7E53D36AA58E9AC0966A307 /* PropPickModels.swift in Sources */,
				09AF15B85A81D6E298B2FEB2 /* PropRows.swift in Sources */,
				EE88546A26898481909F9F26 /* ProviderIdentity.swift in Sources */,
				AB4D0C5690434CFE06814E1B /* PushRegistrationCoordinator.swift in Sources */,
				6C01C3BD7C28E01487BBA292 /* PushRegistrationProductionAdapter.swift in Sources */,
				C368B18855697B8624F24D06 /* ReadingMeasurementView.swift in Sources */,
				2D90353A50D6483C7BF39FEE /* RecapModels.swift in Sources */,
				8AE2DE3DD97868C6E3C99751 /* ResultModels.swift in Sources */,
				FD864B177D43F4CAD5120F3B /* ScoutTrio.swift in Sources */,
				4D1B4BA1A87013A0C973401A /* ScoutWireCache.swift in Sources */,
				8B47B0D0D084C52747EA7346 /* Secrets.swift in Sources */,
				F2A5809FF32535CE29C4E79A /* SettingsView.swift in Sources */,
				E12166C6ECF0CCA16674C33E /* ShareCards.swift in Sources */,
				E4338BB58B08F812A93F44BA /* SharedStores.swift in Sources */,
				3483908F595CB859CC5DEB56 /* SportFilter.swift in Sources */,
				1D701AADC8728865280C61AA /* SportsbookOdds.swift in Sources */,
				D764D8A224961AFBFCE023FE /* StatModels.swift in Sources */,
				A2EA3FF163AC312324976AFF /* StatusBarScrim.swift in Sources */,
				D810CCA6C81972A7A21BD77F /* SupabaseAPI.swift in Sources */,
				37AE3070929F021A277C431F /* TeamMatching.swift in Sources */,
				D3DA0042104C7B11DCA5389F /* TeasedPickCard.swift in Sources */,
				9AF41E4D662909728E419C96 /* TodayBoardCache.swift in Sources */,
				989A25F815F1F1ED8BFE1866 /* TomorrowModels.swift in Sources */,
				D5840B504A8BB5973E7A7B04 /* TomorrowView.swift in Sources */,
				05B3652F97B5FB0539B3B4B3 /* UsefulSessionMeasurement.swift in Sources */,
				7B75128F904726028410C6A3 /* UserBetDetailSheet.swift in Sources */,
				A7DCB8D1A232D3387D774D6D /* UserBookAPI.swift in Sources */,
				0E2DFD72AAC6F9DA0E624548 /* UserBookView.swift in Sources */,
				B5D2FF62D8A0E7A5044C1FBA /* UserProfileView.swift in Sources */,
				6827C75C39B11B3A87718BE7 /* ViewsShared.swift in Sources */,
				3652E13EEDC65C902CA10D14 /* WinnersAccess.swift in Sources */,
			);
			runOnlyForDeploymentPostprocessing = 0;
		};
/* End PBXSourcesBuildPhase section */

/* Begin XCBuildConfiguration section */
		0663C979D7254ECFE30CC75F /* Debug */ = {
			isa = XCBuildConfiguration;
			buildSettings = {
				ALWAYS_SEARCH_USER_PATHS = NO;
				CLANG_ANALYZER_NONNULL = YES;
				CLANG_ANALYZER_NUMBER_OBJECT_CONVERSION = YES_AGGRESSIVE;
				CLANG_CXX_LANGUAGE_STANDARD = "gnu++14";
				CLANG_CXX_LIBRARY = "libc++";
				CLANG_ENABLE_MODULES = YES;
				CLANG_ENABLE_OBJC_ARC = YES;
				CLANG_ENABLE_OBJC_WEAK = YES;
				CLANG_WARN_BLOCK_CAPTURE_AUTORELEASING = YES;
				CLANG_WARN_BOOL_CONVERSION = YES;
				CLANG_WARN_COMMA = YES;
				CLANG_WARN_CONSTANT_CONVERSION = YES;
				CLANG_WARN_DEPRECATED_OBJC_IMPLEMENTATIONS = YES;
				CLANG_WARN_DIRECT_OBJC_ISA_USAGE = YES_ERROR;
				CLANG_WARN_DOCUMENTATION_COMMENTS = YES;
				CLANG_WARN_EMPTY_BODY = YES;
				CLANG_WARN_ENUM_CONVERSION = YES;
				CLANG_WARN_INFINITE_RECURSION = YES;
				CLANG_WARN_INT_CONVERSION = YES;
				CLANG_WARN_NON_LITERAL_NULL_CONVERSION = YES;
				CLANG_WARN_OBJC_IMPLICIT_RETAIN_SELF = YES;
				CLANG_WARN_OBJC_LITERAL_CONVERSION = YES;
				CLANG_WARN_OBJC_ROOT_CLASS = YES_ERROR;
				CLANG_WARN_QUOTED_INCLUDE_IN_FRAMEWORK_HEADER = YES;
				CLANG_WARN_RANGE_LOOP_ANALYSIS = YES;
				CLANG_WARN_STRICT_PROTOTYPES = YES;
				CLANG_WARN_SUSPICIOUS_MOVE = YES;
				CLANG_WARN_UNGUARDED_AVAILABILITY = YES_AGGRESSIVE;
				CLANG_WARN_UNREACHABLE_CODE = YES;
				CLANG_WARN__DUPLICATE_METHOD_MATCH = YES;
				CODE_SIGN_STYLE = Automatic;
				COPY_PHASE_STRIP = NO;
				CURRENT_PROJECT_VERSION = 956;
				DEBUG_INFORMATION_FORMAT = dwarf;
				DEVELOPMENT_TEAM = SFBTX6KPLM;
				ENABLE_STRICT_OBJC_MSGSEND = YES;
				ENABLE_TESTABILITY = YES;
				GCC_C_LANGUAGE_STANDARD = gnu11;
				GCC_DYNAMIC_NO_PIC = NO;
				GCC_NO_COMMON_BLOCKS = YES;
				GCC_OPTIMIZATION_LEVEL = 0;
				GCC_PREPROCESSOR_DEFINITIONS = (
					"$(inherited)",
					"DEBUG=1",
				);
				GCC_WARN_64_TO_32_BIT_CONVERSION = YES;
				GCC_WARN_ABOUT_RETURN_TYPE = YES_ERROR;
				GCC_WARN_UNDECLARED_SELECTOR = YES;
				GCC_WARN_UNINITIALIZED_AUTOS = YES_AGGRESSIVE;
				GCC_WARN_UNUSED_FUNCTION = YES;
				GCC_WARN_UNUSED_VARIABLE = YES;
				INFOPLIST_FILE = Info.plist;
				IPHONEOS_DEPLOYMENT_TARGET = 16.0;
				MARKETING_VERSION = 2.27;
				MTL_ENABLE_DEBUG_INFO = INCLUDE_SOURCE;
				MTL_FAST_MATH = YES;
				ONLY_ACTIVE_ARCH = YES;
				PRODUCT_BUNDLE_IDENTIFIER = ai.betwithgary.app;
				PRODUCT_NAME = "$(TARGET_NAME)";
				SDKROOT = iphoneos;
				SWIFT_ACTIVE_COMPILATION_CONDITIONS = DEBUG;
				SWIFT_OPTIMIZATION_LEVEL = "-Onone";
				SWIFT_VERSION = 5.0;
			};
			name = Debug;
		};
		7FB8A1A9C6B3F02DC1D509AE /* Debug */ = {
			isa = XCBuildConfiguration;
			buildSettings = {
				ASSETCATALOG_COMPILER_APPICON_NAME = AppIcon;
				ASSETCATALOG_COMPILER_GLOBAL_ACCENT_COLOR_NAME = AccentColor;
				CODE_SIGN_ENTITLEMENTS = GaryApp.entitlements;
				CODE_SIGN_IDENTITY = "iPhone Developer";
				ENABLE_PREVIEWS = YES;
				INFOPLIST_FILE = Info.plist;
				LD_RUNPATH_SEARCH_PATHS = (
					"$(inherited)",
					"@executable_path/Frameworks",
				);
				SDKROOT = iphoneos;
				TARGETED_DEVICE_FAMILY = 1;
			};
			name = Debug;
		};
		87D0F5CAEBDCC570741B5BED /* Release */ = {
			isa = XCBuildConfiguration;
			buildSettings = {
				ALWAYS_SEARCH_USER_PATHS = NO;
				CLANG_ANALYZER_NONNULL = YES;
				CLANG_ANALYZER_NUMBER_OBJECT_CONVERSION = YES_AGGRESSIVE;
				CLANG_CXX_LANGUAGE_STANDARD = "gnu++14";
				CLANG_CXX_LIBRARY = "libc++";
				CLANG_ENABLE_MODULES = YES;
				CLANG_ENABLE_OBJC_ARC = YES;
				CLANG_ENABLE_OBJC_WEAK = YES;
				CLANG_WARN_BLOCK_CAPTURE_AUTORELEASING = YES;
				CLANG_WARN_BOOL_CONVERSION = YES;
				CLANG_WARN_COMMA = YES;
				CLANG_WARN_CONSTANT_CONVERSION = YES;
				CLANG_WARN_DEPRECATED_OBJC_IMPLEMENTATIONS = YES;
				CLANG_WARN_DIRECT_OBJC_ISA_USAGE = YES_ERROR;
				CLANG_WARN_DOCUMENTATION_COMMENTS = YES;
				CLANG_WARN_EMPTY_BODY = YES;
				CLANG_WARN_ENUM_CONVERSION = YES;
				CLANG_WARN_INFINITE_RECURSION = YES;
				CLANG_WARN_INT_CONVERSION = YES;
				CLANG_WARN_NON_LITERAL_NULL_CONVERSION = YES;
				CLANG_WARN_OBJC_IMPLICIT_RETAIN_SELF = YES;
				CLANG_WARN_OBJC_LITERAL_CONVERSION = YES;
				CLANG_WARN_OBJC_ROOT_CLASS = YES_ERROR;
				CLANG_WARN_QUOTED_INCLUDE_IN_FRAMEWORK_HEADER = YES;
				CLANG_WARN_RANGE_LOOP_ANALYSIS = YES;
				CLANG_WARN_STRICT_PROTOTYPES = YES;
				CLANG_WARN_SUSPICIOUS_MOVE = YES;
				CLANG_WARN_UNGUARDED_AVAILABILITY = YES_AGGRESSIVE;
				CLANG_WARN_UNREACHABLE_CODE = YES;
				CLANG_WARN__DUPLICATE_METHOD_MATCH = YES;
				CODE_SIGN_STYLE = Automatic;
				COPY_PHASE_STRIP = NO;
				CURRENT_PROJECT_VERSION = 956;
				DEBUG_INFORMATION_FORMAT = "dwarf-with-dsym";
				DEVELOPMENT_TEAM = SFBTX6KPLM;
				ENABLE_NS_ASSERTIONS = NO;
				ENABLE_STRICT_OBJC_MSGSEND = YES;
				GCC_C_LANGUAGE_STANDARD = gnu11;
				GCC_NO_COMMON_BLOCKS = YES;
				GCC_WARN_64_TO_32_BIT_CONVERSION = YES;
				GCC_WARN_ABOUT_RETURN_TYPE = YES_ERROR;
				GCC_WARN_UNDECLARED_SELECTOR = YES;
				GCC_WARN_UNINITIALIZED_AUTOS = YES_AGGRESSIVE;
				GCC_WARN_UNUSED_FUNCTION = YES;
				GCC_WARN_UNUSED_VARIABLE = YES;
				INFOPLIST_FILE = Info.plist;
				IPHONEOS_DEPLOYMENT_TARGET = 16.0;
				MARKETING_VERSION = 2.27;
				MTL_ENABLE_DEBUG_INFO = NO;
				MTL_FAST_MATH = YES;
				PRODUCT_BUNDLE_IDENTIFIER = ai.betwithgary.app;
				PRODUCT_NAME = "$(TARGET_NAME)";
				SDKROOT = iphoneos;
				SWIFT_COMPILATION_MODE = wholemodule;
				SWIFT_OPTIMIZATION_LEVEL = "-O";
				SWIFT_VERSION = 5.0;
			};
			name = Release;
		};
		C79A766E6E940847DE395098 /* Release */ = {
			isa = XCBuildConfiguration;
			buildSettings = {
				ASSETCATALOG_COMPILER_APPICON_NAME = AppIcon;
				ASSETCATALOG_COMPILER_GLOBAL_ACCENT_COLOR_NAME = AccentColor;
				CODE_SIGN_ENTITLEMENTS = GaryApp.entitlements;
				CODE_SIGN_IDENTITY = "iPhone Developer";
				ENABLE_PREVIEWS = YES;
				INFOPLIST_FILE = Info.plist;
				LD_RUNPATH_SEARCH_PATHS = (
					"$(inherited)",
					"@executable_path/Frameworks",
				);
				SDKROOT = iphoneos;
				TARGETED_DEVICE_FAMILY = 1;
			};
			name = Release;
		};
/* End XCBuildConfiguration section */

/* Begin XCConfigurationList section */
		3997767653906A86391684B2 /* Build configuration list for PBXProject "GaryApp" */ = {
			isa = XCConfigurationList;
			buildConfigurations = (
				0663C979D7254ECFE30CC75F /* Debug */,
				87D0F5CAEBDCC570741B5BED /* Release */,
			);
			defaultConfigurationIsVisible = 0;
			defaultConfigurationName = Debug;
		};
		8F344E799FEC56645C29B39F /* Build configuration list for PBXNativeTarget "GaryApp" */ = {
			isa = XCConfigurationList;
			buildConfigurations = (
				7FB8A1A9C6B3F02DC1D509AE /* Debug */,
				C79A766E6E940847DE395098 /* Release */,
			);
			defaultConfigurationIsVisible = 0;
			defaultConfigurationName = Debug;
		};
/* End XCConfigurationList section */

/* Begin XCRemoteSwiftPackageReference section */
		0E89E052638BB89393F5D4C4 /* XCRemoteSwiftPackageReference "GoogleSignIn-iOS" */ = {
			isa = XCRemoteSwiftPackageReference;
			repositoryURL = "https://github.com/google/GoogleSignIn-iOS";
			requirement = {
				kind = upToNextMajorVersion;
				minimumVersion = 9.2.0;
			};
		};
		333152C5F459BE3101ADA03F /* XCRemoteSwiftPackageReference "firebase-ios-sdk" */ = {
			isa = XCRemoteSwiftPackageReference;
			repositoryURL = "https://github.com/firebase/firebase-ios-sdk";
			requirement = {
				kind = exactVersion;
				version = 12.9.0;
			};
		};
		47169F9A256E75AFFBB87021 /* XCRemoteSwiftPackageReference "lottie-ios" */ = {
			isa = XCRemoteSwiftPackageReference;
			repositoryURL = "https://github.com/airbnb/lottie-ios";
			requirement = {
				kind = upToNextMajorVersion;
				minimumVersion = 4.5.0;
			};
		};
/* End XCRemoteSwiftPackageReference section */

/* Begin XCSwiftPackageProductDependency section */
		19246C9DB6761505C046FD73 /* FirebaseMessaging */ = {
			isa = XCSwiftPackageProductDependency;
			package = 333152C5F459BE3101ADA03F /* XCRemoteSwiftPackageReference "firebase-ios-sdk" */;
			productName = FirebaseMessaging;
		};
		921968E9FC0E6DE90F6EAD89 /* GoogleSignIn */ = {
			isa = XCSwiftPackageProductDependency;
			package = 0E89E052638BB89393F5D4C4 /* XCRemoteSwiftPackageReference "GoogleSignIn-iOS" */;
			productName = GoogleSignIn;
		};
		C4B05FFDB3FA92CCFC7CF3AC /* Lottie */ = {
			isa = XCSwiftPackageProductDependency;
			package = 47169F9A256E75AFFBB87021 /* XCRemoteSwiftPackageReference "lottie-ios" */;
			productName = Lottie;
		};
/* End XCSwiftPackageProductDependency section */
	};
	rootObject = 7682647F094B545A05D740D5 /* Project object */;
}
