// !$*UTF8*$!
{
	archiveVersion = 1;
	classes = {
	};
	objectVersion = 63;
	objects = {

/* Begin PBXBuildFile section */
		0D3593A1A2CB73655586485A /* Assets.xcassets in Resources */ = {isa = PBXBuildFile; fileRef = 14B79AC926AD34DD865A8E0D /* Assets.xcassets */; };
		11082D2682BC0FFD484F133E /* AccessView.swift in Sources */ = {isa = PBXBuildFile; fileRef = 04419532DA2B9AE61A7A7B47 /* AccessView.swift */; };
		A1B2C3D4E5F6789012345678 /* ChangelogView.swift in Sources */ = {isa = PBXBuildFile; fileRef = B2C3D4E5F67890123456789A /* ChangelogView.swift */; };
		40771064325B4E728A735AEA /* GaryApp.swift in Sources */ = {isa = PBXBuildFile; fileRef = 49489C7FC0ABE55881B19E13 /* GaryApp.swift */; };
		44FB25CBEB7324D5CDF9CAB7 /* FirebaseMessaging in Frameworks */ = {isa = PBXBuildFile; productRef = 19246C9DB6761505C046FD73 /* FirebaseMessaging */; };
		5A432D05492831EB727B31A7 /* Models.swift in Sources */ = {isa = PBXBuildFile; fileRef = ECE32BA2E5208CC9E994A26A /* Models.swift */; };
		8B47B0D0D084C52747EA7346 /* Secrets.swift in Sources */ = {isa = PBXBuildFile; fileRef = F0616A3C8A2F0268B8A05C4D /* Secrets.swift */; };
		B1A0DC14B221DFD88D97D546 /* AppStoreMetadata.md in Resources */ = {isa = PBXBuildFile; fileRef = 4D7626B616BEDAF94E8687F9 /* AppStoreMetadata.md */; };
		B313EC36BDDDB18E9F687643 /* Views.swift in Sources */ = {isa = PBXBuildFile; fileRef = 44D1E52AFB4EED7E97F55C36 /* Views.swift */; };
		CA682CB250F6A7F4462A70B2 /* ContentView.swift in Sources */ = {isa = PBXBuildFile; fileRef = C76D962853397848F9631A85 /* ContentView.swift */; };
		D810CCA6C81972A7A21BD77F /* SupabaseAPI.swift in Sources */ = {isa = PBXBuildFile; fileRef = 58C162EF98D65308171329E2 /* SupabaseAPI.swift */; };
		F2A5809FF32535CE29C4E79A /* SettingsView.swift in Sources */ = {isa = PBXBuildFile; fileRef = 26AE11992E449EB95857D6E3 /* SettingsView.swift */; };
		FAE577A219F049637480970D /* GoogleService-Info.plist in Resources */ = {isa = PBXBuildFile; fileRef = 423887686C6839DEC44C0DEA /* GoogleService-Info.plist */; };
/* End PBXBuildFile section */

/* Begin PBXFileReference section */
		04419532DA2B9AE61A7A7B47 /* AccessView.swift */ = {isa = PBXFileReference; lastKnownFileType = sourcecode.swift; path = AccessView.swift; sourceTree = "<group>"; };
		089A2D29640F62FFCD6A4769 /* GaryApp.entitlements */ = {isa = PBXFileReference; lastKnownFileType = text.plist.entitlements; path = GaryApp.entitlements; sourceTree = "<group>"; };
		B2C3D4E5F67890123456789A /* ChangelogView.swift */ = {isa = PBXFileReference; lastKnownFileType = sourcecode.swift; path = ChangelogView.swift; sourceTree = "<group>"; };
		14B79AC926AD34DD865A8E0D /* Assets.xcassets */ = {isa = PBXFileReference; lastKnownFileType = folder.assetcatalog; path = Assets.xcassets; sourceTree = "<group>"; };
		26AE11992E449EB95857D6E3 /* SettingsView.swift */ = {isa = PBXFileReference; lastKnownFileType = sourcecode.swift; path = SettingsView.swift; sourceTree = "<group>"; };
		423887686C6839DEC44C0DEA /* GoogleService-Info.plist */ = {isa = PBXFileReference; lastKnownFileType = text.plist; path = "GoogleService-Info.plist"; sourceTree = "<group>"; };
		44D1E52AFB4EED7E97F55C36 /* Views.swift */ = {isa = PBXFileReference; lastKnownFileType = sourcecode.swift; path = Views.swift; sourceTree = "<group>"; };
		49489C7FC0ABE55881B19E13 /* GaryApp.swift */ = {isa = PBXFileReference; lastKnownFileType = sourcecode.swift; path = GaryApp.swift; sourceTree = "<group>"; };
		4D7626B616BEDAF94E8687F9 /* AppStoreMetadata.md */ = {isa = PBXFileReference; lastKnownFileType = net.daringfireball.markdown; path = AppStoreMetadata.md; sourceTree = "<group>"; };
		58C162EF98D65308171329E2 /* SupabaseAPI.swift */ = {isa = PBXFileReference; lastKnownFileType = sourcecode.swift; path = SupabaseAPI.swift; sourceTree = "<group>"; };
		A6B153703E9F452BFFC5A392 /* Info.plist */ = {isa = PBXFileReference; lastKnownFileType = text.plist; path = Info.plist; sourceTree = "<group>"; };
		C76D962853397848F9631A85 /* ContentView.swift */ = {isa = PBXFileReference; lastKnownFileType = sourcecode.swift; path = ContentView.swift; sourceTree = "<group>"; };
		E22C3B2D38BB04B17570FDF1 /* GaryApp.app */ = {isa = PBXFileReference; explicitFileType = wrapper.application; includeInIndex = 0; path = GaryApp.app; sourceTree = BUILT_PRODUCTS_DIR; };
		ECE32BA2E5208CC9E994A26A /* Models.swift */ = {isa = PBXFileReference; lastKnownFileType = sourcecode.swift; path = Models.swift; sourceTree = "<group>"; };
		F0616A3C8A2F0268B8A05C4D /* Secrets.swift */ = {isa = PBXFileReference; lastKnownFileType = sourcecode.swift; path = Secrets.swift; sourceTree = "<group>"; };
/* End PBXFileReference section */

/* Begin PBXFrameworksBuildPhase section */
		FE30AD194F573DEA5E2DAD74 /* Frameworks */ = {
			isa = PBXFrameworksBuildPhase;
			buildActionMask = 2147483647;
			files = (
				44FB25CBEB7324D5CDF9CAB7 /* FirebaseMessaging in Frameworks */,
			);
			runOnlyForDeploymentPostprocessing = 0;
		};
/* End PBXFrameworksBuildPhase section */

/* Begin PBXGroup section */
		02F13D03245A29657A46163C /* Products */ = {
			isa = PBXGroup;
			children = (
				E22C3B2D38BB04B17570FDF1 /* GaryApp.app */,
			);
			name = Products;
			sourceTree = "<group>";
		};
		6CFD3216AB39252D9E52D645 /* GaryApp */ = {
			isa = PBXGroup;
			children = (
				04419532DA2B9AE61A7A7B47 /* AccessView.swift */,
				4D7626B616BEDAF94E8687F9 /* AppStoreMetadata.md */,
				14B79AC926AD34DD865A8E0D /* Assets.xcassets */,
				B2C3D4E5F67890123456789A /* ChangelogView.swift */,
				C76D962853397848F9631A85 /* ContentView.swift */,
				089A2D29640F62FFCD6A4769 /* GaryApp.entitlements */,
				49489C7FC0ABE55881B19E13 /* GaryApp.swift */,
				423887686C6839DEC44C0DEA /* GoogleService-Info.plist */,
				A6B153703E9F452BFFC5A392 /* Info.plist */,
				ECE32BA2E5208CC9E994A26A /* Models.swift */,
				F0616A3C8A2F0268B8A05C4D /* Secrets.swift */,
				26AE11992E449EB95857D6E3 /* SettingsView.swift */,
				58C162EF98D65308171329E2 /* SupabaseAPI.swift */,
				44D1E52AFB4EED7E97F55C36 /* Views.swift */,
			);
			name = GaryApp;
			path = .;
			sourceTree = "<group>";
		};
		91E7769BD9DC37D8974535EF = {
			isa = PBXGroup;
			children = (
				6CFD3216AB39252D9E52D645 /* GaryApp */,
				02F13D03245A29657A46163C /* Products */,
			);
			sourceTree = "<group>";
		};
/* End PBXGroup section */

/* Begin PBXNativeTarget section */
		75398D566F3FB74B46B3657E /* GaryApp */ = {
			isa = PBXNativeTarget;
			buildConfigurationList = 8F344E799FEC56645C29B39F /* Build configuration list for PBXNativeTarget "GaryApp" */;
			buildPhases = (
				7119331DA617EFB8F15E3E78 /* Sources */,
				257D2E950608B14CB89B1681 /* Resources */,
				FE30AD194F573DEA5E2DAD74 /* Frameworks */,
			);
			buildRules = (
			);
			dependencies = (
			);
			name = GaryApp;
			packageProductDependencies = (
				19246C9DB6761505C046FD73 /* FirebaseMessaging */,
			);
			productName = GaryApp;
			productReference = E22C3B2D38BB04B17570FDF1 /* GaryApp.app */;
			productType = "com.apple.product-type.application";
		};
/* End PBXNativeTarget section */

/* Begin PBXProject section */
		7682647F094B545A05D740D5 /* Project object */ = {
			isa = PBXProject;
			attributes = {
				BuildIndependentTargetsInParallel = YES;
				LastUpgradeCheck = 2620;
				TargetAttributes = {
					75398D566F3FB74B46B3657E = {
						DevelopmentTeam = SFBTX6KPLM;
						ProvisioningStyle = Automatic;
					};
				};
			};
			buildConfigurationList = 3997767653906A86391684B2 /* Build configuration list for PBXProject "GaryApp" */;
			compatibilityVersion = "Xcode 14.0";
			developmentRegion = en;
			hasScannedForEncodings = 0;
			knownRegions = (
				Base,
				en,
			);
			mainGroup = 91E7769BD9DC37D8974535EF;
			minimizedProjectReferenceProxies = 1;
			packageReferences = (
				333152C5F459BE3101ADA03F /* XCRemoteSwiftPackageReference "firebase-ios-sdk" */,
			);
			projectDirPath = "";
			projectRoot = "";
			targets = (
				75398D566F3FB74B46B3657E /* GaryApp */,
			);
		};
/* End PBXProject section */

/* Begin PBXResourcesBuildPhase section */
		257D2E950608B14CB89B1681 /* Resources */ = {
			isa = PBXResourcesBuildPhase;
			buildActionMask = 2147483647;
			files = (
				B1A0DC14B221DFD88D97D546 /* AppStoreMetadata.md in Resources */,
				0D3593A1A2CB73655586485A /* Assets.xcassets in Resources */,
				FAE577A219F049637480970D /* GoogleService-Info.plist in Resources */,
			);
			runOnlyForDeploymentPostprocessing = 0;
		};
/* End PBXResourcesBuildPhase section */

/* Begin PBXSourcesBuildPhase section */
		7119331DA617EFB8F15E3E78 /* Sources */ = {
			isa = PBXSourcesBuildPhase;
			buildActionMask = 2147483647;
			files = (
				11082D2682BC0FFD484F133E /* AccessView.swift in Sources */,
				A1B2C3D4E5F6789012345678 /* ChangelogView.swift in Sources */,
				CA682CB250F6A7F4462A70B2 /* ContentView.swift in Sources */,
				40771064325B4E728A735AEA /* GaryApp.swift in Sources */,
				5A432D05492831EB727B31A7 /* Models.swift in Sources */,
				8B47B0D0D084C52747EA7346 /* Secrets.swift in Sources */,
				F2A5809FF32535CE29C4E79A /* SettingsView.swift in Sources */,
				D810CCA6C81972A7A21BD77F /* SupabaseAPI.swift in Sources */,
				B313EC36BDDDB18E9F687643 /* Views.swift in Sources */,
			);
			runOnlyForDeploymentPostprocessing = 0;
		};
/* End PBXSourcesBuildPhase section */

/* Begin XCBuildConfiguration section */
		0663C979D7254ECFE30CC75F /* Debug */ = {
			isa = XCBuildConfiguration;
			buildSettings = {
				ALWAYS_SEARCH_USER_PATHS = NO;
				CLANG_ANALYZER_NONNULL = YES;
				CLANG_ANALYZER_NUMBER_OBJECT_CONVERSION = YES_AGGRESSIVE;
				CLANG_CXX_LANGUAGE_STANDARD = "gnu++14";
				CLANG_CXX_LIBRARY = "libc++";
				CLANG_ENABLE_MODULES = YES;
				CLANG_ENABLE_OBJC_ARC = YES;
				CLANG_ENABLE_OBJC_WEAK = YES;
				CLANG_WARN_BLOCK_CAPTURE_AUTORELEASING = YES;
				CLANG_WARN_BOOL_CONVERSION = YES;
				CLANG_WARN_COMMA = YES;
				CLANG_WARN_CONSTANT_CONVERSION = YES;
				CLANG_WARN_DEPRECATED_OBJC_IMPLEMENTATIONS = YES;
				CLANG_WARN_DIRECT_OBJC_ISA_USAGE = YES_ERROR;
				CLANG_WARN_DOCUMENTATION_COMMENTS = YES;
				CLANG_WARN_EMPTY_BODY = YES;
				CLANG_WARN_ENUM_CONVERSION = YES;
				CLANG_WARN_INFINITE_RECURSION = YES;
				CLANG_WARN_INT_CONVERSION = YES;
				CLANG_WARN_NON_LITERAL_NULL_CONVERSION = YES;
				CLANG_WARN_OBJC_IMPLICIT_RETAIN_SELF = YES;
				CLANG_WARN_OBJC_LITERAL_CONVERSION = YES;
				CLANG_WARN_OBJC_ROOT_CLASS = YES_ERROR;
				CLANG_WARN_QUOTED_INCLUDE_IN_FRAMEWORK_HEADER = YES;
				CLANG_WARN_RANGE_LOOP_ANALYSIS = YES;
				CLANG_WARN_STRICT_PROTOTYPES = YES;
				CLANG_WARN_SUSPICIOUS_MOVE = YES;
				CLANG_WARN_UNGUARDED_AVAILABILITY = YES_AGGRESSIVE;
				CLANG_WARN_UNREACHABLE_CODE = YES;
				CLANG_WARN__DUPLICATE_METHOD_MATCH = YES;
				CODE_SIGN_STYLE = Automatic;
				COPY_PHASE_STRIP = NO;
				CURRENT_PROJECT_VERSION = 1;
				DEBUG_INFORMATION_FORMAT = dwarf;
				DEVELOPMENT_TEAM = SFBTX6KPLM;
				ENABLE_STRICT_OBJC_MSGSEND = YES;
				ENABLE_TESTABILITY = YES;
				ENABLE_USER_SCRIPT_SANDBOXING = YES;
				GCC_C_LANGUAGE_STANDARD = gnu11;
				GCC_DYNAMIC_NO_PIC = NO;
				GCC_NO_COMMON_BLOCKS = YES;
				GCC_OPTIMIZATION_LEVEL = 0;
				GCC_PREPROCESSOR_DEFINITIONS = (
					"$(inherited)",
					"DEBUG=1",
				);
				GCC_WARN_64_TO_32_BIT_CONVERSION = YES;
				GCC_WARN_ABOUT_RETURN_TYPE = YES_ERROR;
				GCC_WARN_UNDECLARED_SELECTOR = YES;
				GCC_WARN_UNINITIALIZED_AUTOS = YES_AGGRESSIVE;
				GCC_WARN_UNUSED_FUNCTION = YES;
				GCC_WARN_UNUSED_VARIABLE = YES;
				INFOPLIST_FILE = Info.plist;
				IPHONEOS_DEPLOYMENT_TARGET = 16.0;
				MARKETING_VERSION = 1.9.2;
				MTL_ENABLE_DEBUG_INFO = INCLUDE_SOURCE;
				MTL_FAST_MATH = YES;
				ONLY_ACTIVE_ARCH = YES;
				PRODUCT_BUNDLE_IDENTIFIER = ai.betwithgary.app;
				PRODUCT_NAME = "$(TARGET_NAME)";
				SDKROOT = iphoneos;
				STRING_CATALOG_GENERATE_SYMBOLS = YES;
				SWIFT_ACTIVE_COMPILATION_CONDITIONS = DEBUG;
				SWIFT_OPTIMIZATION_LEVEL = "-Onone";
				SWIFT_VERSION = 5.0;
			};
			name = Debug;
		};
		7FB8A1A9C6B3F02DC1D509AE /* Debug */ = {
			isa = XCBuildConfiguration;
			buildSettings = {
				ASSETCATALOG_COMPILER_APPICON_NAME = AppIcon;
				ASSETCATALOG_COMPILER_GLOBAL_ACCENT_COLOR_NAME = AccentColor;
				CODE_SIGN_ENTITLEMENTS = GaryApp.entitlements;
				CODE_SIGN_IDENTITY = "iPhone Developer";
				CURRENT_PROJECT_VERSION = 1;
				ENABLE_PREVIEWS = YES;
				INFOPLIST_FILE = Info.plist;
				LD_RUNPATH_SEARCH_PATHS = (
					"$(inherited)",
					"@executable_path/Frameworks",
				);
				SDKROOT = iphoneos;
				TARGETED_DEVICE_FAMILY = 1;
			};
			name = Debug;
		};
		87D0F5CAEBDCC570741B5BED /* Release */ = {
			isa = XCBuildConfiguration;
			buildSettings = {
				ALWAYS_SEARCH_USER_PATHS = NO;
				CLANG_ANALYZER_NONNULL = YES;
				CLANG_ANALYZER_NUMBER_OBJECT_CONVERSION = YES_AGGRESSIVE;
				CLANG_CXX_LANGUAGE_STANDARD = "gnu++14";
				CLANG_CXX_LIBRARY = "libc++";
				CLANG_ENABLE_MODULES = YES;
				CLANG_ENABLE_OBJC_ARC = YES;
				CLANG_ENABLE_OBJC_WEAK = YES;
				CLANG_WARN_BLOCK_CAPTURE_AUTORELEASING = YES;
				CLANG_WARN_BOOL_CONVERSION = YES;
				CLANG_WARN_COMMA = YES;
				CLANG_WARN_CONSTANT_CONVERSION = YES;
				CLANG_WARN_DEPRECATED_OBJC_IMPLEMENTATIONS = YES;
				CLANG_WARN_DIRECT_OBJC_ISA_USAGE = YES_ERROR;
				CLANG_WARN_DOCUMENTATION_COMMENTS = YES;
				CLANG_WARN_EMPTY_BODY = YES;
				CLANG_WARN_ENUM_CONVERSION = YES;
				CLANG_WARN_INFINITE_RECURSION = YES;
				CLANG_WARN_INT_CONVERSION = YES;
				CLANG_WARN_NON_LITERAL_NULL_CONVERSION = YES;
				CLANG_WARN_OBJC_IMPLICIT_RETAIN_SELF = YES;
				CLANG_WARN_OBJC_LITERAL_CONVERSION = YES;
				CLANG_WARN_OBJC_ROOT_CLASS = YES_ERROR;
				CLANG_WARN_QUOTED_INCLUDE_IN_FRAMEWORK_HEADER = YES;
				CLANG_WARN_RANGE_LOOP_ANALYSIS = YES;
				CLANG_WARN_STRICT_PROTOTYPES = YES;
				CLANG_WARN_SUSPICIOUS_MOVE = YES;
				CLANG_WARN_UNGUARDED_AVAILABILITY = YES_AGGRESSIVE;
				CLANG_WARN_UNREACHABLE_CODE = YES;
				CLANG_WARN__DUPLICATE_METHOD_MATCH = YES;
				CODE_SIGN_STYLE = Automatic;
				COPY_PHASE_STRIP = NO;
				CURRENT_PROJECT_VERSION = 1;
				DEBUG_INFORMATION_FORMAT = "dwarf-with-dsym";
				DEVELOPMENT_TEAM = SFBTX6KPLM;
				ENABLE_NS_ASSERTIONS = NO;
				ENABLE_STRICT_OBJC_MSGSEND = YES;
				ENABLE_USER_SCRIPT_SANDBOXING = YES;
				GCC_C_LANGUAGE_STANDARD = gnu11;
				GCC_NO_COMMON_BLOCKS = YES;
				GCC_WARN_64_TO_32_BIT_CONVERSION = YES;
				GCC_WARN_ABOUT_RETURN_TYPE = YES_ERROR;
				GCC_WARN_UNDECLARED_SELECTOR = YES;
				GCC_WARN_UNINITIALIZED_AUTOS = YES_AGGRESSIVE;
				GCC_WARN_UNUSED_FUNCTION = YES;
				GCC_WARN_UNUSED_VARIABLE = YES;
				INFOPLIST_FILE = Info.plist;
				IPHONEOS_DEPLOYMENT_TARGET = 16.0;
				MARKETING_VERSION = 1.9.2;
				MTL_ENABLE_DEBUG_INFO = NO;
				MTL_FAST_MATH = YES;
				PRODUCT_BUNDLE_IDENTIFIER = ai.betwithgary.app;
				PRODUCT_NAME = "$(TARGET_NAME)";
				SDKROOT = iphoneos;
				STRING_CATALOG_GENERATE_SYMBOLS = YES;
				SWIFT_COMPILATION_MODE = wholemodule;
				SWIFT_OPTIMIZATION_LEVEL = "-O";
				SWIFT_VERSION = 5.0;
			};
			name = Release;
		};
		C79A766E6E940847DE395098 /* Release */ = {
			isa = XCBuildConfiguration;
			buildSettings = {
				ASSETCATALOG_COMPILER_APPICON_NAME = AppIcon;
				ASSETCATALOG_COMPILER_GLOBAL_ACCENT_COLOR_NAME = AccentColor;
				CODE_SIGN_ENTITLEMENTS = GaryApp.entitlements;
				CODE_SIGN_IDENTITY = "iPhone Developer";
				CURRENT_PROJECT_VERSION = 1;
				ENABLE_PREVIEWS = YES;
				INFOPLIST_FILE = Info.plist;
				LD_RUNPATH_SEARCH_PATHS = (
					"$(inherited)",
					"@executable_path/Frameworks",
				);
				SDKROOT = iphoneos;
				TARGETED_DEVICE_FAMILY = 1;
			};
			name = Release;
		};
/* End XCBuildConfiguration section */

/* Begin XCConfigurationList section */
		3997767653906A86391684B2 /* Build configuration list for PBXProject "GaryApp" */ = {
			isa = XCConfigurationList;
			buildConfigurations = (
				0663C979D7254ECFE30CC75F /* Debug */,
				87D0F5CAEBDCC570741B5BED /* Release */,
			);
			defaultConfigurationIsVisible = 0;
			defaultConfigurationName = Debug;
		};
		8F344E799FEC56645C29B39F /* Build configuration list for PBXNativeTarget "GaryApp" */ = {
			isa = XCConfigurationList;
			buildConfigurations = (
				7FB8A1A9C6B3F02DC1D509AE /* Debug */,
				C79A766E6E940847DE395098 /* Release */,
			);
			defaultConfigurationIsVisible = 0;
			defaultConfigurationName = Debug;
		};
/* End XCConfigurationList section */

/* Begin XCRemoteSwiftPackageReference section */
		333152C5F459BE3101ADA03F /* XCRemoteSwiftPackageReference "firebase-ios-sdk" */ = {
			isa = XCRemoteSwiftPackageReference;
			repositoryURL = "https://github.com/firebase/firebase-ios-sdk";
			requirement = {
				kind = exactVersion;
				version = 11.0.0;
			};
		};
/* End XCRemoteSwiftPackageReference section */

/* Begin XCSwiftPackageProductDependency section */
		19246C9DB6761505C046FD73 /* FirebaseMessaging */ = {
			isa = XCSwiftPackageProductDependency;
			package = 333152C5F459BE3101ADA03F /* XCRemoteSwiftPackageReference "firebase-ios-sdk" */;
			productName = FirebaseMessaging;
		};
/* End XCSwiftPackageProductDependency section */
	};
	rootObject = 7682647F094B545A05D740D5 /* Project object */;
}
