// !$*UTF8*$!
{
	archiveVersion = 1;
	classes = {
	};
	objectVersion = 77;
	objects = {

/* Begin PBXBuildFile section */
		40771064325B4E728A735AEA /* GaryApp.swift in Sources */ = {isa = PBXBuildFile; fileRef = 49489C7FC0ABE55881B19E13 /* GaryApp.swift */; };
		58D29FB9AFB19F9CFD8CF6A7 /* project.yml in Resources */ = {isa = PBXBuildFile; fileRef = 17A1CD2816DFF25FD7820FF8 /* project.yml */; };
		5A432D05492831EB727B31A7 /* Models.swift in Sources */ = {isa = PBXBuildFile; fileRef = ECE32BA2E5208CC9E994A26A /* Models.swift */; };
		8B47B0D0D084C52747EA7346 /* Secrets.swift in Sources */ = {isa = PBXBuildFile; fileRef = F0616A3C8A2F0268B8A05C4D /* Secrets.swift */; };
		B313EC36BDDDB18E9F687643 /* Views.swift in Sources */ = {isa = PBXBuildFile; fileRef = 44D1E52AFB4EED7E97F55C36 /* Views.swift */; };
		CA682CB250F6A7F4462A70B2 /* ContentView.swift in Sources */ = {isa = PBXBuildFile; fileRef = C76D962853397848F9631A85 /* ContentView.swift */; };
		D810CCA6C81972A7A21BD77F /* SupabaseAPI.swift in Sources */ = {isa = PBXBuildFile; fileRef = 58C162EF98D65308171329E2 /* SupabaseAPI.swift */; };
/* End PBXBuildFile section */

/* Begin PBXFileReference section */
		17A1CD2816DFF25FD7820FF8 /* project.yml */ = {isa = PBXFileReference; lastKnownFileType = text.yaml; path = project.yml; sourceTree = "<group>"; };
		44D1E52AFB4EED7E97F55C36 /* Views.swift */ = {isa = PBXFileReference; lastKnownFileType = sourcecode.swift; path = Views.swift; sourceTree = "<group>"; };
		49489C7FC0ABE55881B19E13 /* GaryApp.swift */ = {isa = PBXFileReference; lastKnownFileType = sourcecode.swift; path = GaryApp.swift; sourceTree = "<group>"; };
		58C162EF98D65308171329E2 /* SupabaseAPI.swift */ = {isa = PBXFileReference; lastKnownFileType = sourcecode.swift; path = SupabaseAPI.swift; sourceTree = "<group>"; };
		A6B153703E9F452BFFC5A392 /* Info.plist */ = {isa = PBXFileReference; lastKnownFileType = text.plist; path = Info.plist; sourceTree = "<group>"; };
		C76D962853397848F9631A85 /* ContentView.swift */ = {isa = PBXFileReference; lastKnownFileType = sourcecode.swift; path = ContentView.swift; sourceTree = "<group>"; };
		E22C3B2D38BB04B17570FDF1 /* GaryApp.app */ = {isa = PBXFileReference; includeInIndex = 0; lastKnownFileType = wrapper.application; path = GaryApp.app; sourceTree = BUILT_PRODUCTS_DIR; };
		ECE32BA2E5208CC9E994A26A /* Models.swift */ = {isa = PBXFileReference; lastKnownFileType = sourcecode.swift; path = Models.swift; sourceTree = "<group>"; };
		F0616A3C8A2F0268B8A05C4D /* Secrets.swift */ = {isa = PBXFileReference; lastKnownFileType = sourcecode.swift; path = Secrets.swift; sourceTree = "<group>"; };
/* End PBXFileReference section */

/* Begin PBXGroup section */
		02F13D03245A29657A46163C /* Products */ = {
			isa = PBXGroup;
			children = (
				E22C3B2D38BB04B17570FDF1 /* GaryApp.app */,
			);
			name = Products;
			sourceTree = "<group>";
		};
		6CFD3216AB39252D9E52D645 /* GaryApp */ = {
			isa = PBXGroup;
			children = (
				C76D962853397848F9631A85 /* ContentView.swift */,
				49489C7FC0ABE55881B19E13 /* GaryApp.swift */,
				A6B153703E9F452BFFC5A392 /* Info.plist */,
				ECE32BA2E5208CC9E994A26A /* Models.swift */,
				17A1CD2816DFF25FD7820FF8 /* project.yml */,
				F0616A3C8A2F0268B8A05C4D /* Secrets.swift */,
				58C162EF98D65308171329E2 /* SupabaseAPI.swift */,
				44D1E52AFB4EED7E97F55C36 /* Views.swift */,
			);
			name = GaryApp;
			path = .;
			sourceTree = "<group>";
		};
		91E7769BD9DC37D8974535EF = {
			isa = PBXGroup;
			children = (
				6CFD3216AB39252D9E52D645 /* GaryApp */,
				02F13D03245A29657A46163C /* Products */,
			);
			sourceTree = "<group>";
		};
/* End PBXGroup section */

/* Begin PBXNativeTarget section */
		75398D566F3FB74B46B3657E /* GaryApp */ = {
			isa = PBXNativeTarget;
			buildConfigurationList = 8F344E799FEC56645C29B39F /* Build configuration list for PBXNativeTarget "GaryApp" */;
			buildPhases = (
				7119331DA617EFB8F15E3E78 /* Sources */,
				257D2E950608B14CB89B1681 /* Resources */,
			);
			buildRules = (
			);
			dependencies = (
			);
			name = GaryApp;
			packageProductDependencies = (
			);
			productName = GaryApp;
			productReference = E22C3B2D38BB04B17570FDF1 /* GaryApp.app */;
			productType = "com.apple.product-type.application";
		};
/* End PBXNativeTarget section */

/* Begin PBXProject section */
		7682647F094B545A05D740D5 /* Project object */ = {
			isa = PBXProject;
			attributes = {
				BuildIndependentTargetsInParallel = YES;
				LastUpgradeCheck = 1430;
				TargetAttributes = {
					75398D566F3FB74B46B3657E = {
						DevelopmentTeam = SFBTX6KPLM;
						ProvisioningStyle = Automatic;
					};
				};
			};
			buildConfigurationList = 3997767653906A86391684B2 /* Build configuration list for PBXProject "GaryApp" */;
			compatibilityVersion = "Xcode 14.0";
			developmentRegion = en;
			hasScannedForEncodings = 0;
			knownRegions = (
				Base,
				en,
			);
			mainGroup = 91E7769BD9DC37D8974535EF;
			minimizedProjectReferenceProxies = 1;
			preferredProjectObjectVersion = 77;
			projectDirPath = "";
			projectRoot = "";
			targets = (
				75398D566F3FB74B46B3657E /* GaryApp */,
			);
		};
/* End PBXProject section */

/* Begin PBXResourcesBuildPhase section */
		257D2E950608B14CB89B1681 /* Resources */ = {
			isa = PBXResourcesBuildPhase;
			buildActionMask = 2147483647;
			files = (
				58D29FB9AFB19F9CFD8CF6A7 /* project.yml in Resources */,
			);
			runOnlyForDeploymentPostprocessing = 0;
		};
/* End PBXResourcesBuildPhase section */

/* Begin PBXSourcesBuildPhase section */
		7119331DA617EFB8F15E3E78 /* Sources */ = {
			isa = PBXSourcesBuildPhase;
			buildActionMask = 2147483647;
			files = (
				CA682CB250F6A7F4462A70B2 /* ContentView.swift in Sources */,
				40771064325B4E728A735AEA /* GaryApp.swift in Sources */,
				5A432D05492831EB727B31A7 /* Models.swift in Sources */,
				8B47B0D0D084C52747EA7346 /* Secrets.swift in Sources */,
				D810CCA6C81972A7A21BD77F /* SupabaseAPI.swift in Sources */,
				B313EC36BDDDB18E9F687643 /* Views.swift in Sources */,
			);
			runOnlyForDeploymentPostprocessing = 0;
		};
/* End PBXSourcesBuildPhase section */

/* Begin XCBuildConfiguration section */
		0663C979D7254ECFE30CC75F /* Debug */ = {
			isa = XCBuildConfiguration;
			buildSettings = {
				ALWAYS_SEARCH_USER_PATHS = NO;
				CLANG_ANALYZER_NONNULL = YES;
				CLANG_ANALYZER_NUMBER_OBJECT_CONVERSION = YES_AGGRESSIVE;
				CLANG_CXX_LANGUAGE_STANDARD = "gnu++14";
				CLANG_CXX_LIBRARY = "libc++";
				CLANG_ENABLE_MODULES = YES;
				CLANG_ENABLE_OBJC_ARC = YES;
				CLANG_ENABLE_OBJC_WEAK = YES;
				CLANG_WARN_BLOCK_CAPTURE_AUTORELEASING = YES;
				CLANG_WARN_BOOL_CONVERSION = YES;
				CLANG_WARN_COMMA = YES;
				CLANG_WARN_CONSTANT_CONVERSION = YES;
				CLANG_WARN_DEPRECATED_OBJC_IMPLEMENTATIONS = YES;
				CLANG_WARN_DIRECT_OBJC_ISA_USAGE = YES_ERROR;
				CLANG_WARN_DOCUMENTATION_COMMENTS = YES;
				CLANG_WARN_EMPTY_BODY = YES;
				CLANG_WARN_ENUM_CONVERSION = YES;
				CLANG_WARN_INFINITE_RECURSION = YES;
				CLANG_WARN_INT_CONVERSION = YES;
				CLANG_WARN_NON_LITERAL_NULL_CONVERSION = YES;
				CLANG_WARN_OBJC_IMPLICIT_RETAIN_SELF = YES;
				CLANG_WARN_OBJC_LITERAL_CONVERSION = YES;
				CLANG_WARN_OBJC_ROOT_CLASS = YES_ERROR;
				CLANG_WARN_QUOTED_INCLUDE_IN_FRAMEWORK_HEADER = YES;
				CLANG_WARN_RANGE_LOOP_ANALYSIS = YES;
				CLANG_WARN_STRICT_PROTOTYPES = YES;
				CLANG_WARN_SUSPICIOUS_MOVE = YES;
				CLANG_WARN_UNGUARDED_AVAILABILITY = YES_AGGRESSIVE;
				CLANG_WARN_UNREACHABLE_CODE = YES;
				CLANG_WARN__DUPLICATE_METHOD_MATCH = YES;
				CODE_SIGN_STYLE = Automatic;
				COPY_PHASE_STRIP = NO;
				DEBUG_INFORMATION_FORMAT = dwarf;
				DEVELOPMENT_TEAM = SFBTX6KPLM;
				ENABLE_STRICT_OBJC_MSGSEND = YES;
				ENABLE_TESTABILITY = YES;
				GCC_C_LANGUAGE_STANDARD = gnu11;
				GCC_DYNAMIC_NO_PIC = NO;
				GCC_NO_COMMON_BLOCKS = YES;
				GCC_OPTIMIZATION_LEVEL = 0;
				GCC_PREPROCESSOR_DEFINITIONS = (
					"$(inherited)",
					"DEBUG=1",
				);
				GCC_WARN_64_TO_32_BIT_CONVERSION = YES;
				GCC_WARN_ABOUT_RETURN_TYPE = YES_ERROR;
				GCC_WARN_UNDECLARED_SELECTOR = YES;
				GCC_WARN_UNINITIALIZED_AUTOS = YES_AGGRESSIVE;
				GCC_WARN_UNUSED_FUNCTION = YES;
				GCC_WARN_UNUSED_VARIABLE = YES;
				INFOPLIST_FILE = ios/GaryApp/Info.plist;
				IPHONEOS_DEPLOYMENT_TARGET = 16.0;
				MTL_ENABLE_DEBUG_INFO = INCLUDE_SOURCE;
				MTL_FAST_MATH = YES;
				ONLY_ACTIVE_ARCH = YES;
				PRODUCT_BUNDLE_IDENTIFIER = ai.betwithgary.app;
				PRODUCT_NAME = "$(TARGET_NAME)";
				SDKROOT = iphoneos;
				SWIFT_ACTIVE_COMPILATION_CONDITIONS = DEBUG;
				SWIFT_OPTIMIZATION_LEVEL = "-Onone";
				SWIFT_VERSION = 5.0;
			};
			name = Debug;
		};
		7FB8A1A9C6B3F02DC1D509AE /* Debug */ = {
			isa = XCBuildConfiguration;
			buildSettings = {
				ASSETCATALOG_COMPILER_APPICON_NAME = AppIcon;
				ASSETCATALOG_COMPILER_GLOBAL_ACCENT_COLOR_NAME = AccentColor;
				CODE_SIGN_IDENTITY = "iPhone Developer";
				ENABLE_PREVIEWS = YES;
				INFOPLIST_FILE = Info.plist;
				LD_RUNPATH_SEARCH_PATHS = (
					"$(inherited)",
					"@executable_path/Frameworks",
				);
				SDKROOT = iphoneos;
				TARGETED_DEVICE_FAMILY = "1,2";
			};
			name = Debug;
		};
		87D0F5CAEBDCC570741B5BED /* Release */ = {
			isa = XCBuildConfiguration;
			buildSettings = {
				ALWAYS_SEARCH_USER_PATHS = NO;
				CLANG_ANALYZER_NONNULL = YES;
				CLANG_ANALYZER_NUMBER_OBJECT_CONVERSION = YES_AGGRESSIVE;
				CLANG_CXX_LANGUAGE_STANDARD = "gnu++14";
				CLANG_CXX_LIBRARY = "libc++";
				CLANG_ENABLE_MODULES = YES;
				CLANG_ENABLE_OBJC_ARC = YES;
				CLANG_ENABLE_OBJC_WEAK = YES;
				CLANG_WARN_BLOCK_CAPTURE_AUTORELEASING = YES;
				CLANG_WARN_BOOL_CONVERSION = YES;
				CLANG_WARN_COMMA = YES;
				CLANG_WARN_CONSTANT_CONVERSION = YES;
				CLANG_WARN_DEPRECATED_OBJC_IMPLEMENTATIONS = YES;
				CLANG_WARN_DIRECT_OBJC_ISA_USAGE = YES_ERROR;
				CLANG_WARN_DOCUMENTATION_COMMENTS = YES;
				CLANG_WARN_EMPTY_BODY = YES;
				CLANG_WARN_ENUM_CONVERSION = YES;
				CLANG_WARN_INFINITE_RECURSION = YES;
				CLANG_WARN_INT_CONVERSION = YES;
				CLANG_WARN_NON_LITERAL_NULL_CONVERSION = YES;
				CLANG_WARN_OBJC_IMPLICIT_RETAIN_SELF = YES;
				CLANG_WARN_OBJC_LITERAL_CONVERSION = YES;
				CLANG_WARN_OBJC_ROOT_CLASS = YES_ERROR;
				CLANG_WARN_QUOTED_INCLUDE_IN_FRAMEWORK_HEADER = YES;
				CLANG_WARN_RANGE_LOOP_ANALYSIS = YES;
				CLANG_WARN_STRICT_PROTOTYPES = YES;
				CLANG_WARN_SUSPICIOUS_MOVE = YES;
				CLANG_WARN_UNGUARDED_AVAILABILITY = YES_AGGRESSIVE;
				CLANG_WARN_UNREACHABLE_CODE = YES;
				CLANG_WARN__DUPLICATE_METHOD_MATCH = YES;
				CODE_SIGN_STYLE = Automatic;
				COPY_PHASE_STRIP = NO;
				DEBUG_INFORMATION_FORMAT = "dwarf-with-dsym";
				DEVELOPMENT_TEAM = SFBTX6KPLM;
				ENABLE_NS_ASSERTIONS = NO;
				ENABLE_STRICT_OBJC_MSGSEND = YES;
				GCC_C_LANGUAGE_STANDARD = gnu11;
				GCC_NO_COMMON_BLOCKS = YES;
				GCC_WARN_64_TO_32_BIT_CONVERSION = YES;
				GCC_WARN_ABOUT_RETURN_TYPE = YES_ERROR;
				GCC_WARN_UNDECLARED_SELECTOR = YES;
				GCC_WARN_UNINITIALIZED_AUTOS = YES_AGGRESSIVE;
				GCC_WARN_UNUSED_FUNCTION = YES;
				GCC_WARN_UNUSED_VARIABLE = YES;
				INFOPLIST_FILE = ios/GaryApp/Info.plist;
				IPHONEOS_DEPLOYMENT_TARGET = 16.0;
				MTL_ENABLE_DEBUG_INFO = NO;
				MTL_FAST_MATH = YES;
				PRODUCT_BUNDLE_IDENTIFIER = ai.betwithgary.app;
				PRODUCT_NAME = "$(TARGET_NAME)";
				SDKROOT = iphoneos;
				SWIFT_COMPILATION_MODE = wholemodule;
				SWIFT_OPTIMIZATION_LEVEL = "-O";
				SWIFT_VERSION = 5.0;
			};
			name = Release;
		};
		C79A766E6E940847DE395098 /* Release */ = {
			isa = XCBuildConfiguration;
			buildSettings = {
				ASSETCATALOG_COMPILER_APPICON_NAME = AppIcon;
				ASSETCATALOG_COMPILER_GLOBAL_ACCENT_COLOR_NAME = AccentColor;
				CODE_SIGN_IDENTITY = "iPhone Developer";
				ENABLE_PREVIEWS = YES;
				INFOPLIST_FILE = Info.plist;
				LD_RUNPATH_SEARCH_PATHS = (
					"$(inherited)",
					"@executable_path/Frameworks",
				);
				SDKROOT = iphoneos;
				TARGETED_DEVICE_FAMILY = "1,2";
			};
			name = Release;
		};
/* End XCBuildConfiguration section */

/* Begin XCConfigurationList section */
		3997767653906A86391684B2 /* Build configuration list for PBXProject "GaryApp" */ = {
			isa = XCConfigurationList;
			buildConfigurations = (
				0663C979D7254ECFE30CC75F /* Debug */,
				87D0F5CAEBDCC570741B5BED /* Release */,
			);
			defaultConfigurationIsVisible = 0;
			defaultConfigurationName = Debug;
		};
		8F344E799FEC56645C29B39F /* Build configuration list for PBXNativeTarget "GaryApp" */ = {
			isa = XCConfigurationList;
			buildConfigurations = (
				7FB8A1A9C6B3F02DC1D509AE /* Debug */,
				C79A766E6E940847DE395098 /* Release */,
			);
			defaultConfigurationIsVisible = 0;
			defaultConfigurationName = Debug;
		};
/* End XCConfigurationList section */
	};
	rootObject = 7682647F094B545A05D740D5 /* Project object */;
}
